// !$*UTF8*$!
{
	archiveVersion = 1;
	classes = {
	};
	objectVersion = 77;
	objects = {

/* Begin PBXBuildFile section */
		0090A7327FD59E37D6B3A3EA /* DuplicateTests.swift in Sources */ = {isa = PBXBuildFile; fileRef = E2FFB4C256441E0544EDCAE6 /* DuplicateTests.swift */; };
		00FFB0CD64FE15AC30E71D05 /* WindowMode.swift in Sources */ = {isa = PBXBuildFile; fileRef = 54D8A15CB578733AF96BFC1D /* WindowMode.swift */; };
		033A31455B0BAF973F63AB89 /* FindCountTests.swift in Sources */ = {isa = PBXBuildFile; fileRef = 2AEB47D9C70966EE5BEA8559 /* FindCountTests.swift */; };
		05CA10AF22006A021AE36915 /* LayoutSettingsViewController.swift in Sources */ = {isa = PBXBuildFile; fileRef = E67EF396B7D2B32694C3C02D /* LayoutSettingsViewController.swift */; };
		0DA70D73C388C2AB0A1EF933 /* BookmarkDragTests.swift in Sources */ = {isa = PBXBuildFile; fileRef = 6024791311F62D1D8A32128B /* BookmarkDragTests.swift */; };
		0FA4395104B7881F63176151 /* DumpCompareCore in Frameworks */ = {isa = PBXBuildFile; productRef = ABC9FED3EFF91E300892FE20 /* DumpCompareCore */; };
		104971D38BF106EA213AA760 /* AppDelegate.swift in Sources */ = {isa = PBXBuildFile; fileRef = EEE766993D5D79BAABE7D087 /* AppDelegate.swift */; };
		13A9475A9D37F3FF91F40CF4 /* TransientNoticeView.swift in Sources */ = {isa = PBXBuildFile; fileRef = ACC53ED662466EAA3E41C662 /* TransientNoticeView.swift */; };
		17C194C27EC40F1747E8BBD2 /* HexLayout.swift in Sources */ = {isa = PBXBuildFile; fileRef = 357C5A67D58276AF83F2D72E /* HexLayout.swift */; };
		18767DA206F48AC7AF9871D6 /* DuplicateName.swift in Sources */ = {isa = PBXBuildFile; fileRef = EF89EBB5E40995FFDADD9147 /* DuplicateName.swift */; };
		1991CC9FBD3B15D421F31BF5 /* FindFlowTests.swift in Sources */ = {isa = PBXBuildFile; fileRef = 3CEC5406939AEF4D7D0DCDBE /* FindFlowTests.swift */; };
		1AE6027587AEB85CE40A4E1A /* BookmarkEditPopover.swift in Sources */ = {isa = PBXBuildFile; fileRef = 3E282E37B5C6F0636BA2AE70 /* BookmarkEditPopover.swift */; };
		1D538ECD5ACD42E2BE53460B /* ToolbarValidationTests.swift in Sources */ = {isa = PBXBuildFile; fileRef = 19B4629E1E5C13B990345DDA /* ToolbarValidationTests.swift */; };
		1D6126CAD02A6E4CFC35857B /* FilePaneView.swift in Sources */ = {isa = PBXBuildFile; fileRef = 8C0BBF07792AC425ACA137EA /* FilePaneView.swift */; };
		1FF70EC766940BDC3945DFB0 /* OperationStatusView.swift in Sources */ = {isa = PBXBuildFile; fileRef = EDC399F1794934F21FA510FC /* OperationStatusView.swift */; };
		241F7BB4AC89E98C8666A4B6 /* SandboxBookmarkStoreTests.swift in Sources */ = {isa = PBXBuildFile; fileRef = 2BE59617A72542FDF8D4D330 /* SandboxBookmarkStoreTests.swift */; };
		24C17C26B9CDABCDF110EFDF /* ALSplitView in Frameworks */ = {isa = PBXBuildFile; productRef = AD6E71504179520D86EC624C /* ALSplitView */; };
		24FDE8550B83BC61EAC8F3BB /* LayoutToggleTests.swift in Sources */ = {isa = PBXBuildFile; fileRef = 39D2A05C7DA0DE400C947364 /* LayoutToggleTests.swift */; };
		254CEA29F5E6878510CC1607 /* HexView.swift in Sources */ = {isa = PBXBuildFile; fileRef = D22073CBEEC3C36EA608DFE1 /* HexView.swift */; };
		25CFB73A08B4B3FF8C232AA7 /* FavoritePatternStoreTests.swift in Sources */ = {isa = PBXBuildFile; fileRef = 510C86AF676C5EA504CCDBA2 /* FavoritePatternStoreTests.swift */; };
		26D7B18E275AC774296AB41D /* DropBands.swift in Sources */ = {isa = PBXBuildFile; fileRef = 4ED991070173287ACF175BB1 /* DropBands.swift */; };
		2C3FC21EA03265B5F2940C68 /* SearchPatternEntry.swift in Sources */ = {isa = PBXBuildFile; fileRef = 9D7B2EDB756012F88F27083E /* SearchPatternEntry.swift */; };
		2CC3DE75EEA1611CCBAF0BAF /* ALSplitView in Frameworks */ = {isa = PBXBuildFile; productRef = C174CDEFBF0B58EB25FA7B9F /* ALSplitView */; };
		2DE0C5BC8895EF32E74C47F4 /* TextDecodingSettingsViewController.swift in Sources */ = {isa = PBXBuildFile; fileRef = 2ADF460720A9E61B5923C05E /* TextDecodingSettingsViewController.swift */; };
		2EBDBC361E8F0BE1C491ADB2 /* PaneHeaderView.swift in Sources */ = {isa = PBXBuildFile; fileRef = 4EBE727F08C7C829D0CA0F57 /* PaneHeaderView.swift */; };
		30C84E12BFAFFA951D4895F0 /* FileTypesSettingsTests.swift in Sources */ = {isa = PBXBuildFile; fileRef = B263148E42F15DDD02319995 /* FileTypesSettingsTests.swift */; };
		34270CA31C807F9841EFC29E /* DefaultHandlerSettings.swift in Sources */ = {isa = PBXBuildFile; fileRef = 360E004691846982D8C83A0B /* DefaultHandlerSettings.swift */; };
		35F7D6935D14E33ABD789EDD /* DefaultHandlerService.swift in Sources */ = {isa = PBXBuildFile; fileRef = 4987A32E6822DDC0EA848242 /* DefaultHandlerService.swift */; };
		365B149E4F000196764D270A /* AppearanceSettingsTests.swift in Sources */ = {isa = PBXBuildFile; fileRef = 7EE089502718BD19C06E4207 /* AppearanceSettingsTests.swift */; };
		37DBCC7F36BDD6C63337A138 /* WordSizeTests.swift in Sources */ = {isa = PBXBuildFile; fileRef = B9A7DE8E7791AA34BDA2EAB1 /* WordSizeTests.swift */; };
		3B7237924700BD2DF3631C20 /* SelectionRedrawTests.swift in Sources */ = {isa = PBXBuildFile; fileRef = 01DD6E4191B6BA3EBD959277 /* SelectionRedrawTests.swift */; };
		3B9BD754FFA836A32CE9F22E /* BackgroundOperationTests.swift in Sources */ = {isa = PBXBuildFile; fileRef = 48988F1CB9A04763A973A6DD /* BackgroundOperationTests.swift */; };
		3CCD0EEC03B8649BED7B2BFE /* ComparisonSettingsTests.swift in Sources */ = {isa = PBXBuildFile; fileRef = F1AC4C330DFC599D446E0783 /* ComparisonSettingsTests.swift */; };
		3D4497C958650F03D3B40CC7 /* PanelAppearanceTests.swift in Sources */ = {isa = PBXBuildFile; fileRef = 96966FE774DE9A046371E9AC /* PanelAppearanceTests.swift */; };
		3FFB8DA31FFC3C240A53D6D1 /* DragDrop.swift in Sources */ = {isa = PBXBuildFile; fileRef = 2D60215031FC5A393582A2DF /* DragDrop.swift */; };
		40105AB076F5D60700DF76A6 /* EditingSettings.swift in Sources */ = {isa = PBXBuildFile; fileRef = 1F8BFA02D9D038EB2D943E26 /* EditingSettings.swift */; };
		402F666460835E9BBBA36731 /* ComparisonSettings.swift in Sources */ = {isa = PBXBuildFile; fileRef = F21C8DF88E66531DF2B918E2 /* ComparisonSettings.swift */; };
		41B6055192C9F90FDB6E528F /* AppearanceSettings.swift in Sources */ = {isa = PBXBuildFile; fileRef = C3ECCE7B8EC25F721ABC238B /* AppearanceSettings.swift */; };
		446BD8F0767480C99D14E071 /* SegmentsForm.swift in Sources */ = {isa = PBXBuildFile; fileRef = 1EF5876FE7AD4476AC20ED7A /* SegmentsForm.swift */; };
		4481F1BCC0C9CC62CC3F3803 /* MinimapPanelView.swift in Sources */ = {isa = PBXBuildFile; fileRef = B79C383C2543FFEA87776361 /* MinimapPanelView.swift */; };
		462EC15CC3A34E24064E2695 /* AppThemeTests.swift in Sources */ = {isa = PBXBuildFile; fileRef = 3C6B1C9CECFC1AF5131EBD26 /* AppThemeTests.swift */; };
		4841F7FC6C31CBD6FCD650EE /* SegmentTintRenderTests.swift in Sources */ = {isa = PBXBuildFile; fileRef = 7163FEB7459D03892D3A4BB8 /* SegmentTintRenderTests.swift */; };
		48B25EAB69119EB4AAD5F97D /* FavoritePatternStore.swift in Sources */ = {isa = PBXBuildFile; fileRef = 4A0F2EF5D82B1CA586F39DD5 /* FavoritePatternStore.swift */; };
		49448EEC722D30DD3302FC78 /* HexColumnHeaderView.swift in Sources */ = {isa = PBXBuildFile; fileRef = 5724F5CAC0A18BD98EE69BC6 /* HexColumnHeaderView.swift */; };
		4B87A914B9579E064CB88560 /* BackgroundOperation.swift in Sources */ = {isa = PBXBuildFile; fileRef = 1F22AEC471D878179D296BF4 /* BackgroundOperation.swift */; };
		4C171BD4D5B8823922C10D9B /* WordSize.swift in Sources */ = {isa = PBXBuildFile; fileRef = 8BA88BA685E6A6FE2E139C6E /* WordSize.swift */; };
		4DDAA235F5AFD6E9FF949A35 /* FileChangeWatcherTests.swift in Sources */ = {isa = PBXBuildFile; fileRef = 95A1ED616E5D1F9C56E212FA /* FileChangeWatcherTests.swift */; };
		4F51D02C82FA7D6D589A30BD /* ReparentPaneReproTests.swift in Sources */ = {isa = PBXBuildFile; fileRef = B8E2C4E8BCD5826CF561D492 /* ReparentPaneReproTests.swift */; };
		52A2ADCE17608EDDA32FA083 /* MouseSelectionTests.swift in Sources */ = {isa = PBXBuildFile; fileRef = FCD886DB1AFE9BF9F1C08F95 /* MouseSelectionTests.swift */; };
		5430C6B077BB89C903F7E88D /* MinimapView.swift in Sources */ = {isa = PBXBuildFile; fileRef = 0BFDEEC21717E3DC2D481C3B /* MinimapView.swift */; };
		55EFF117DEDC3F5F7AB1D851 /* CloseFileTests.swift in Sources */ = {isa = PBXBuildFile; fileRef = 35619EB218B8A77217CF90D9 /* CloseFileTests.swift */; };
		5651D0DFE5F40E4C643045EA /* SettingsWindowSizeTests.swift in Sources */ = {isa = PBXBuildFile; fileRef = D038B7BDAAD40F4D12E5A913 /* SettingsWindowSizeTests.swift */; };
		59E0D22FE0A37D8D4AEA1C73 /* NamePatternSheetController.swift in Sources */ = {isa = PBXBuildFile; fileRef = D973015202AEA40CA006F901 /* NamePatternSheetController.swift */; };
		59F525D82A21BA453FA1001C /* TitleBarMenuTests.swift in Sources */ = {isa = PBXBuildFile; fileRef = C6B628E64567341A9AB617D6 /* TitleBarMenuTests.swift */; };
		5BA1FF551136ACF06BBA9FAC /* SegmentStore.swift in Sources */ = {isa = PBXBuildFile; fileRef = 929D2D476EC0B0E02E3780E6 /* SegmentStore.swift */; };
		5C277503D272939847E4FF3A /* DividerDragTests.swift in Sources */ = {isa = PBXBuildFile; fileRef = 5A61B0AA7755933DD1B3D4F8 /* DividerDragTests.swift */; };
		60337FD7B95B8887CE53DBBE /* DumpCompareCore in Frameworks */ = {isa = PBXBuildFile; productRef = DD998B4928A6EFDFADE20701 /* DumpCompareCore */; };
		6347640F90EE6FCB2E6FF01A /* ZoomToFitTests.swift in Sources */ = {isa = PBXBuildFile; fileRef = 9FB49BC2E9C7922B6194C285 /* ZoomToFitTests.swift */; };
		636183CDE24C1ACAE7515A87 /* UntitledFileTests.swift in Sources */ = {isa = PBXBuildFile; fileRef = 16A8C6524AA2950540398C91 /* UntitledFileTests.swift */; };
		659568963B3AF88F40BBA4EF /* KeyboardNavigationTests.swift in Sources */ = {isa = PBXBuildFile; fileRef = 2EDEBBD2483CAEDFE3574C52 /* KeyboardNavigationTests.swift */; };
		666ED5D024C7EE6E759D1392 /* SelectBlockSheetTests.swift in Sources */ = {isa = PBXBuildFile; fileRef = 467E6E8B85C387891E7A7C56 /* SelectBlockSheetTests.swift */; };
		6DF5A824E7C999B28630FFDC /* NamePatternSheetTests.swift in Sources */ = {isa = PBXBuildFile; fileRef = F7A740B81D0201C1FE24D731 /* NamePatternSheetTests.swift */; };
		6DFCCB0D49331C4934B8E052 /* PaneViewModel.swift in Sources */ = {isa = PBXBuildFile; fileRef = 5327DBC55217689460B32402 /* PaneViewModel.swift */; };
		70544A516665A20BFE5B9FEB /* SearchResultsViewController.swift in Sources */ = {isa = PBXBuildFile; fileRef = E7E4EC6636A917E3E3CEBC24 /* SearchResultsViewController.swift */; };
		7108A4ABF852A054F1F5E641 /* OffsetContextMenuTests.swift in Sources */ = {isa = PBXBuildFile; fileRef = 209E4194094A04377AA5F50F /* OffsetContextMenuTests.swift */; };
		710ECC65E66F697855FF6398 /* SegmentCommandsTests.swift in Sources */ = {isa = PBXBuildFile; fileRef = CD60D91BEDA4290B2A565D76 /* SegmentCommandsTests.swift */; };
		726842FD40A84C81A0D57099 /* HexViewAppearanceTests.swift in Sources */ = {isa = PBXBuildFile; fileRef = 02B9500D140BE09B6006859B /* HexViewAppearanceTests.swift */; };
		72FE060ED1406764B2E18350 /* HexLayoutTests.swift in Sources */ = {isa = PBXBuildFile; fileRef = C8F0ABAC4DEEBAE7DD9A62BB /* HexLayoutTests.swift */; };
		730751139DB03ADF35361D1A /* SheetControllers.swift in Sources */ = {isa = PBXBuildFile; fileRef = A9DC7EE920F16705820DABFD /* SheetControllers.swift */; };
		7462B5E629767BD0EEA05A74 /* HexColumnHeaderTests.swift in Sources */ = {isa = PBXBuildFile; fileRef = 7B554959FC1439079D92C91E /* HexColumnHeaderTests.swift */; };
		7BA0CCC311A4505124260EFD /* TearOffTests.swift in Sources */ = {isa = PBXBuildFile; fileRef = F82BCDB4017565C11BE6EB2B /* TearOffTests.swift */; };
		7CA6A1571B1EAEA403A90E64 /* FileChangeWatcher.swift in Sources */ = {isa = PBXBuildFile; fileRef = 10CD412C5BE16D23D8A1D1B5 /* FileChangeWatcher.swift */; };
		7D22FF44AB245B01B5640A87 /* FillSelectionTests.swift in Sources */ = {isa = PBXBuildFile; fileRef = 5A2833E2E2F58FCECF7731BB /* FillSelectionTests.swift */; };
		7E2B9A1441479728B4C5FBB8 /* MainViewController.swift in Sources */ = {isa = PBXBuildFile; fileRef = 7E1F52D647438EBCCD9AF08E /* MainViewController.swift */; };
		821693F5E7539F5B8A1EEE35 /* SegmentStoreTests.swift in Sources */ = {isa = PBXBuildFile; fileRef = 98E9F6B84E53934F8BA5EF7D /* SegmentStoreTests.swift */; };
		8875E52B10640DAD1F9FD800 /* OffsetColumnAddressTests.swift in Sources */ = {isa = PBXBuildFile; fileRef = 1445B50C1699C6C709B63A33 /* OffsetColumnAddressTests.swift */; };
		89D67275DD7CE954F5C60EAC /* ComparisonView.swift in Sources */ = {isa = PBXBuildFile; fileRef = 1D24F91C666A9B3AF821F1F8 /* ComparisonView.swift */; };
		8DA7AB9B2EA1FA589B4FEE73 /* PatternMenuTests.swift in Sources */ = {isa = PBXBuildFile; fileRef = E30D87A5B0A97BD0F453B74A /* PatternMenuTests.swift */; };
		8DE3CD0120C0DC484E9BCD01 /* DiffNavigationTests.swift in Sources */ = {isa = PBXBuildFile; fileRef = 67E844808C0246D0B622523D /* DiffNavigationTests.swift */; };
		8DF96F791691579E7D89E347 /* AppTheme.swift in Sources */ = {isa = PBXBuildFile; fileRef = 8BA1D9E9E5EDDCE2F5CC497C /* AppTheme.swift */; };
		9036D9A7A9C57DD767CCADED /* DropBandsTests.swift in Sources */ = {isa = PBXBuildFile; fileRef = A4166C141DBC4BDC31BAF9BB /* DropBandsTests.swift */; };
		91CC6F94328ECADF1275AB7A /* DropSplitLayoutTests.swift in Sources */ = {isa = PBXBuildFile; fileRef = C09AC6F1143FA3369F2AB40B /* DropSplitLayoutTests.swift */; };
		91E76847BDB10C9F4F239666 /* SettingsWindowTests.swift in Sources */ = {isa = PBXBuildFile; fileRef = 70B825766161BF967B7A08E7 /* SettingsWindowTests.swift */; };
		9211DD272B1097DC4D564F63 /* CutEditPopoverTests.swift in Sources */ = {isa = PBXBuildFile; fileRef = B632B1264528D37639903F19 /* CutEditPopoverTests.swift */; };
		92D3A369AF2203BFEDB0F53B /* AppIconTests.swift in Sources */ = {isa = PBXBuildFile; fileRef = A9B783C280D6385562203A2F /* AppIconTests.swift */; };
		967C784DAAAB49B42EA59769 /* MultiWindowTests.swift in Sources */ = {isa = PBXBuildFile; fileRef = 20680261775F5CBE9C6154F0 /* MultiWindowTests.swift */; };
		97EC3647D899452F8C410E27 /* JoinTests.swift in Sources */ = {isa = PBXBuildFile; fileRef = 0C7D62298D32FA0A4CB506D9 /* JoinTests.swift */; };
		989014B0588BB07E439E2324 /* AppMain.swift in Sources */ = {isa = PBXBuildFile; fileRef = D312D1448C24398D2F592815 /* AppMain.swift */; };
		9AF14D437FB592CD45D94A46 /* Assets.xcassets in Resources */ = {isa = PBXBuildFile; fileRef = F14440A3FA89828B6F2D2F65 /* Assets.xcassets */; };
		9B46E04553F9075CA7D900AB /* AutoscrollSelectionTests.swift in Sources */ = {isa = PBXBuildFile; fileRef = A7139D54D91271EEF21E25A0 /* AutoscrollSelectionTests.swift */; };
		9BACD1885C8A876AEBC95150 /* OpenPlacementTests.swift in Sources */ = {isa = PBXBuildFile; fileRef = 7CC40FA3295CB53000898E26 /* OpenPlacementTests.swift */; };
		9F8D86FCAE83236637E3800E /* FindCount.swift in Sources */ = {isa = PBXBuildFile; fileRef = D3C2A40B26A44D5CECCB9E1E /* FindCount.swift */; };
		9FF1FB1522CEBA883D7677A8 /* ScrollPreservationTests.swift in Sources */ = {isa = PBXBuildFile; fileRef = FBEF0C558873BA9AEAF948A6 /* ScrollPreservationTests.swift */; };
		A3235C9EAB560701F73A795B /* SingleFileDropView.swift in Sources */ = {isa = PBXBuildFile; fileRef = 5E167368367FB357B5D8DB5F /* SingleFileDropView.swift */; };
		A39AAEFD2732917C07D1CAA8 /* FileTypesSettingsViewController.swift in Sources */ = {isa = PBXBuildFile; fileRef = 5776313BC0B9A9ABCA1DF98C /* FileTypesSettingsViewController.swift */; };
		A4213D1B46BC6DFDE6D0019A /* CutEditPopover.swift in Sources */ = {isa = PBXBuildFile; fileRef = AFC74C16EA571DA70EA41069 /* CutEditPopover.swift */; };
		A87964BADD3A4153189BB25B /* PaneHeaderIconTests.swift in Sources */ = {isa = PBXBuildFile; fileRef = F2C7301D0193A3E8079F472C /* PaneHeaderIconTests.swift */; };
		A916C12ED1B40AEB140F6F79 /* SegmentsFormTests.swift in Sources */ = {isa = PBXBuildFile; fileRef = 02E8C71B97A6F1128C677558 /* SegmentsFormTests.swift */; };
		AA29FFC498585481C9E72955 /* FavoritePatternsSettingsTests.swift in Sources */ = {isa = PBXBuildFile; fileRef = 3B42E676CF79776BC2414C9D /* FavoritePatternsSettingsTests.swift */; };
		AB6BBC0D3B132DA57EC463B8 /* MainViewControllerTests.swift in Sources */ = {isa = PBXBuildFile; fileRef = 84A9B0CABCCCF70E6F7F40CB /* MainViewControllerTests.swift */; };
		ADB267769407644D13CF23E7 /* HexPatternFormattingTests.swift in Sources */ = {isa = PBXBuildFile; fileRef = DD6C4971E3DDCB42B430D8DA /* HexPatternFormattingTests.swift */; };
		AE80A9C03D6154A76A6127C4 /* SettingsWindowController.swift in Sources */ = {isa = PBXBuildFile; fileRef = 34D942839E33EBE6B59EC762 /* SettingsWindowController.swift */; };
		AF01C87A6FBE7F66CB095636 /* HeaderFitWidthTests.swift in Sources */ = {isa = PBXBuildFile; fileRef = 20D9603C698CA61F9D4A641B /* HeaderFitWidthTests.swift */; };
		AF854B24336BF9BAD4032D87 /* GoToBookmarksTests.swift in Sources */ = {isa = PBXBuildFile; fileRef = 489034DE8AB317CDFDAAA1BA /* GoToBookmarksTests.swift */; };
		B3890F0857CD8AEF44A6D6C0 /* EmptyStateBookmarksTests.swift in Sources */ = {isa = PBXBuildFile; fileRef = 070D6C147B5AC22ABEA67A97 /* EmptyStateBookmarksTests.swift */; };
		B4812C24F46A9A662D650DC3 /* TextVerticalAlignmentTests.swift in Sources */ = {isa = PBXBuildFile; fileRef = E9BBBA06BD7728DB1217E802 /* TextVerticalAlignmentTests.swift */; };
		B9E5CC69D6F9631BAB0D4B70 /* EmptyStateViewTests.swift in Sources */ = {isa = PBXBuildFile; fileRef = D2B3A4DD743DCCA1D634B456 /* EmptyStateViewTests.swift */; };
		B9FDF2B21B726B8F6403BA68 /* JoinUndoTests.swift in Sources */ = {isa = PBXBuildFile; fileRef = 14C928274BCCBD1F1FE7C09F /* JoinUndoTests.swift */; };
		BA09A682770E765EA63950E5 /* SegmentPaletteTests.swift in Sources */ = {isa = PBXBuildFile; fileRef = D8FE77BD408D4E768F8FC6EF /* SegmentPaletteTests.swift */; };
		BBA569BD55CADEA84C29281E /* NewFileAndSwapTests.swift in Sources */ = {isa = PBXBuildFile; fileRef = D56C7E4027097952395DD0AF /* NewFileAndSwapTests.swift */; };
		C268E54A71DBE773D3595CDF /* ByteSignificanceTests.swift in Sources */ = {isa = PBXBuildFile; fileRef = 9B0D5CB24B4DFBC1B37F3F42 /* ByteSignificanceTests.swift */; };
		C4A58AED27C72248C6DFA8A6 /* GoToBookmarksForm.swift in Sources */ = {isa = PBXBuildFile; fileRef = 696F836F03D8BE3D9C1261F8 /* GoToBookmarksForm.swift */; };
		C89EE9B60FD396E4F751BF52 /* OverviewBinning.swift in Sources */ = {isa = PBXBuildFile; fileRef = AD6D5A17DFAB3BC59647AC32 /* OverviewBinning.swift */; };
		CAD875941BAEAB7A5330758E /* FindHighlightTests.swift in Sources */ = {isa = PBXBuildFile; fileRef = AF711661D56F0CEAE5E75657 /* FindHighlightTests.swift */; };
		CAED32B0FBC811262D8F4F6F /* BookmarkStore.swift in Sources */ = {isa = PBXBuildFile; fileRef = F8DC160E52487350DC9E0413 /* BookmarkStore.swift */; };
		CC3AA1A373B7914E86D8C6F4 /* ContentRedrawTests.swift in Sources */ = {isa = PBXBuildFile; fileRef = B1F22F7F4ED50E7123227B23 /* ContentRedrawTests.swift */; };
		CED473E7F9C60738F908949C /* FavoritePatternsSettingsViewController.swift in Sources */ = {isa = PBXBuildFile; fileRef = BA13A6AE741E32DDD5A3279C /* FavoritePatternsSettingsViewController.swift */; };
		D01CE6ADD18D3C7E72BFCF76 /* ComparisonCoordinator.swift in Sources */ = {isa = PBXBuildFile; fileRef = 994C164DCC770BF04BF9F516 /* ComparisonCoordinator.swift */; };
		D056BCD1DBF02C4C780F066A /* SearchEncodingNaming.swift in Sources */ = {isa = PBXBuildFile; fileRef = 3D19BD515430D62DEE20F662 /* SearchEncodingNaming.swift */; };
		D414E9007BEB0E0168E8A353 /* SandboxBookmarkStore.swift in Sources */ = {isa = PBXBuildFile; fileRef = F609B26466FB10BD1F2BC743 /* SandboxBookmarkStore.swift */; };
		D4F87C8F4B4B60A775938AAD /* MainWindowController.swift in Sources */ = {isa = PBXBuildFile; fileRef = F32F39A3F1F86AB833B5A309 /* MainWindowController.swift */; };
		D56ABFDA0674ADF2EA2D57A2 /* TypingModeIndicatorTests.swift in Sources */ = {isa = PBXBuildFile; fileRef = DAB9141A276D1D3ABE1A8DA1 /* TypingModeIndicatorTests.swift */; };
		D6ED287D2A8DB2A57583D655 /* EditingSettingsTests.swift in Sources */ = {isa = PBXBuildFile; fileRef = B7A094B2E245E822EEB75E7F /* EditingSettingsTests.swift */; };
		D91722289B75DE674E6FAA61 /* PaneDragTests.swift in Sources */ = {isa = PBXBuildFile; fileRef = 8DE72522D2764BE78815E970 /* PaneDragTests.swift */; };
		DAF5D3E696B50F5661DC7CC7 /* MinimapTests.swift in Sources */ = {isa = PBXBuildFile; fileRef = 27C6A9590239BF0BA6B2EC2B /* MinimapTests.swift */; };
		DC7EC082777CF7198173616B /* WindowViewModel.swift in Sources */ = {isa = PBXBuildFile; fileRef = 23DCBA806517E2203DF47412 /* WindowViewModel.swift */; };
		DFD60EF4AA86EE3BFB8CDA69 /* DropBandLayoutTests.swift in Sources */ = {isa = PBXBuildFile; fileRef = C69836FF0C4CE8AC846BC7CB /* DropBandLayoutTests.swift */; };
		E277C195099E972758654BB6 /* MainWindowMenuTests.swift in Sources */ = {isa = PBXBuildFile; fileRef = D4F1945C5B2DF090953B5150 /* MainWindowMenuTests.swift */; };
		E4692B5AEE54A90DC803A8F7 /* SearchResultCellView.swift in Sources */ = {isa = PBXBuildFile; fileRef = 3F0421394F4B9F4AE1901168 /* SearchResultCellView.swift */; };
		E48043200E726B8423B101CD /* PaneViewModelTests.swift in Sources */ = {isa = PBXBuildFile; fileRef = 7FC713959D9654C564AB34E0 /* PaneViewModelTests.swift */; };
		E55431839CE346F9404CC049 /* SegmentReplaceTests.swift in Sources */ = {isa = PBXBuildFile; fileRef = 2D6C40AE03786A3BEF22AFFF /* SegmentReplaceTests.swift */; };
		E781F5B8F2C84F310915EF88 /* BookmarkTests.swift in Sources */ = {isa = PBXBuildFile; fileRef = 84AA5404B76190BABBD35644 /* BookmarkTests.swift */; };
		ED2A6A04F4EE3CA0BD3B4160 /* ComparisonPaneTests.swift in Sources */ = {isa = PBXBuildFile; fileRef = 2581320A3453C01FF111B29B /* ComparisonPaneTests.swift */; };
		ED6BC9834F9C17891CB9D0DA /* OpenPlacement.swift in Sources */ = {isa = PBXBuildFile; fileRef = 2BD1E10B160A6450EDCD9824 /* OpenPlacement.swift */; };
		EDFF830F0960DCCB468F8759 /* OpenDocumentRegistry.swift in Sources */ = {isa = PBXBuildFile; fileRef = 63CA37E8E17CC1712FAE7C20 /* OpenDocumentRegistry.swift */; };
		EE2CE9F01E1A980B7DB7B5FF /* ComparisonResizeTests.swift in Sources */ = {isa = PBXBuildFile; fileRef = 2B6700D9C2E00D1370AB090A /* ComparisonResizeTests.swift */; };
		F0B6743D924339AA8EAED2A0 /* SegmentSaveTests.swift in Sources */ = {isa = PBXBuildFile; fileRef = 2CD97E5E51E50F0E06BF9B0E /* SegmentSaveTests.swift */; };
		F22634DB7ED7BAAC9A491020 /* DefaultHandlerSettingsTests.swift in Sources */ = {isa = PBXBuildFile; fileRef = 9F07F5F1B62FF782811B10B5 /* DefaultHandlerSettingsTests.swift */; };
		F22E5BE6C522ABA4E1AB95C7 /* BookmarkMinimapTests.swift in Sources */ = {isa = PBXBuildFile; fileRef = F189C34D5AB2C07E056E3153 /* BookmarkMinimapTests.swift */; };
		F2EA05CD73EFD077B98A8C99 /* ToolbarItemsTests.swift in Sources */ = {isa = PBXBuildFile; fileRef = 5642C6A5E8AFA36773D021E6 /* ToolbarItemsTests.swift */; };
		F40FE9163519A4DF06A608DE /* DuplicateNameTests.swift in Sources */ = {isa = PBXBuildFile; fileRef = 2C3EEEBCBDA05CE93D5D8646 /* DuplicateNameTests.swift */; };
		F4D77F2C40ABF4D89F5B8CD8 /* SmartSearchFlowTests.swift in Sources */ = {isa = PBXBuildFile; fileRef = C0DD3442B9AD323F86C718B7 /* SmartSearchFlowTests.swift */; };
		F7E3476CA446ABC76182DF67 /* RenamePaneTests.swift in Sources */ = {isa = PBXBuildFile; fileRef = A1E5A6B9F0A95E72BBC345FB /* RenamePaneTests.swift */; };
		F843F99F1CD162C1052B9296 /* PaneName.swift in Sources */ = {isa = PBXBuildFile; fileRef = 97FCEBBD3391E49B37CD9589 /* PaneName.swift */; };
		F9E23EAF9362F20AFEA3F60C /* EmptyStateView.swift in Sources */ = {isa = PBXBuildFile; fileRef = 5EB95864E3BA4EBC6F490C79 /* EmptyStateView.swift */; };
		FC15B3B76A3DB244F7A1BBEE /* ActivePaneTests.swift in Sources */ = {isa = PBXBuildFile; fileRef = F0947EB3C44A8B0879C9B66A /* ActivePaneTests.swift */; };
		FC89C9381F04CF1A1E46F3DC /* TestSupport.swift in Sources */ = {isa = PBXBuildFile; fileRef = C493FB0DA34423850B00F051 /* TestSupport.swift */; };
		FD51EAC14BECCAC66D3AC19F /* ComparisonCoordinatorTests.swift in Sources */ = {isa = PBXBuildFile; fileRef = 7338140948096ABDADE950FE /* ComparisonCoordinatorTests.swift */; };
		FE3B1C3A549CC6EF8593D7B2 /* FindBarView.swift in Sources */ = {isa = PBXBuildFile; fileRef = 269760959ACD3310FE98A13F /* FindBarView.swift */; };
		FE72BF847B03FAA82DA321EE /* CaretPlacementTests.swift in Sources */ = {isa = PBXBuildFile; fileRef = 70B7EBE980B4A83830DD34D6 /* CaretPlacementTests.swift */; };
		FEE1FFD427797B3D30609AF6 /* MainMenu.swift in Sources */ = {isa = PBXBuildFile; fileRef = 9984FD82338AD209BE146D2F /* MainMenu.swift */; };
/* End PBXBuildFile section */

/* Begin PBXContainerItemProxy section */
		63B3E0E88329BA9C902E7803 /* PBXContainerItemProxy */ = {
			isa = PBXContainerItemProxy;
			containerPortal = 7A82BB8246188B3B74950BBC /* Project object */;
			proxyType = 1;
			remoteGlobalIDString = 33581551AB885AE2F9E833F1;
			remoteInfo = DumpCompare;
		};
/* End PBXContainerItemProxy section */

/* Begin PBXFileReference section */
		01DD6E4191B6BA3EBD959277 /* SelectionRedrawTests.swift */ = {isa = PBXFileReference; lastKnownFileType = sourcecode.swift; path = SelectionRedrawTests.swift; sourceTree = "<group>"; };
		02B9500D140BE09B6006859B /* HexViewAppearanceTests.swift */ = {isa = PBXFileReference; lastKnownFileType = sourcecode.swift; path = HexViewAppearanceTests.swift; sourceTree = "<group>"; };
		02E8C71B97A6F1128C677558 /* SegmentsFormTests.swift */ = {isa = PBXFileReference; lastKnownFileType = sourcecode.swift; path = SegmentsFormTests.swift; sourceTree = "<group>"; };
		070D6C147B5AC22ABEA67A97 /* EmptyStateBookmarksTests.swift */ = {isa = PBXFileReference; lastKnownFileType = sourcecode.swift; path = EmptyStateBookmarksTests.swift; sourceTree = "<group>"; };
		0BFDEEC21717E3DC2D481C3B /* MinimapView.swift */ = {isa = PBXFileReference; lastKnownFileType = sourcecode.swift; path = MinimapView.swift; sourceTree = "<group>"; };
		0C7D62298D32FA0A4CB506D9 /* JoinTests.swift */ = {isa = PBXFileReference; lastKnownFileType = sourcecode.swift; path = JoinTests.swift; sourceTree = "<group>"; };
		0F21118BFC8C1730CD7BC04C /* ALSplitView */ = {isa = PBXFileReference; lastKnownFileType = folder; name = ALSplitView; path = ALSplitView; sourceTree = SOURCE_ROOT; };
		10CD412C5BE16D23D8A1D1B5 /* FileChangeWatcher.swift */ = {isa = PBXFileReference; lastKnownFileType = sourcecode.swift; path = FileChangeWatcher.swift; sourceTree = "<group>"; };
		1445B50C1699C6C709B63A33 /* OffsetColumnAddressTests.swift */ = {isa = PBXFileReference; lastKnownFileType = sourcecode.swift; path = OffsetColumnAddressTests.swift; sourceTree = "<group>"; };
		14C928274BCCBD1F1FE7C09F /* JoinUndoTests.swift */ = {isa = PBXFileReference; lastKnownFileType = sourcecode.swift; path = JoinUndoTests.swift; sourceTree = "<group>"; };
		16A8C6524AA2950540398C91 /* UntitledFileTests.swift */ = {isa = PBXFileReference; lastKnownFileType = sourcecode.swift; path = UntitledFileTests.swift; sourceTree = "<group>"; };
		19B4629E1E5C13B990345DDA /* ToolbarValidationTests.swift */ = {isa = PBXFileReference; lastKnownFileType = sourcecode.swift; path = ToolbarValidationTests.swift; sourceTree = "<group>"; };
		1D24F91C666A9B3AF821F1F8 /* ComparisonView.swift */ = {isa = PBXFileReference; lastKnownFileType = sourcecode.swift; path = ComparisonView.swift; sourceTree = "<group>"; };
		1D73B46350757B2E6D907D7F /* DumpCompare.entitlements */ = {isa = PBXFileReference; lastKnownFileType = text.plist.entitlements; path = DumpCompare.entitlements; sourceTree = "<group>"; };
		1EF5876FE7AD4476AC20ED7A /* SegmentsForm.swift */ = {isa = PBXFileReference; lastKnownFileType = sourcecode.swift; path = SegmentsForm.swift; sourceTree = "<group>"; };
		1F22AEC471D878179D296BF4 /* BackgroundOperation.swift */ = {isa = PBXFileReference; lastKnownFileType = sourcecode.swift; path = BackgroundOperation.swift; sourceTree = "<group>"; };
		1F8BFA02D9D038EB2D943E26 /* EditingSettings.swift */ = {isa = PBXFileReference; lastKnownFileType = sourcecode.swift; path = EditingSettings.swift; sourceTree = "<group>"; };
		20680261775F5CBE9C6154F0 /* MultiWindowTests.swift */ = {isa = PBXFileReference; lastKnownFileType = sourcecode.swift; path = MultiWindowTests.swift; sourceTree = "<group>"; };
		209E4194094A04377AA5F50F /* OffsetContextMenuTests.swift */ = {isa = PBXFileReference; lastKnownFileType = sourcecode.swift; path = OffsetContextMenuTests.swift; sourceTree = "<group>"; };
		20D9603C698CA61F9D4A641B /* HeaderFitWidthTests.swift */ = {isa = PBXFileReference; lastKnownFileType = sourcecode.swift; path = HeaderFitWidthTests.swift; sourceTree = "<group>"; };
		23DCBA806517E2203DF47412 /* WindowViewModel.swift */ = {isa = PBXFileReference; lastKnownFileType = sourcecode.swift; path = WindowViewModel.swift; sourceTree = "<group>"; };
		2581320A3453C01FF111B29B /* ComparisonPaneTests.swift */ = {isa = PBXFileReference; lastKnownFileType = sourcecode.swift; path = ComparisonPaneTests.swift; sourceTree = "<group>"; };
		269760959ACD3310FE98A13F /* FindBarView.swift */ = {isa = PBXFileReference; lastKnownFileType = sourcecode.swift; path = FindBarView.swift; sourceTree = "<group>"; };
		27C6A9590239BF0BA6B2EC2B /* MinimapTests.swift */ = {isa = PBXFileReference; lastKnownFileType = sourcecode.swift; path = MinimapTests.swift; sourceTree = "<group>"; };
		2ADF460720A9E61B5923C05E /* TextDecodingSettingsViewController.swift */ = {isa = PBXFileReference; lastKnownFileType = sourcecode.swift; path = TextDecodingSettingsViewController.swift; sourceTree = "<group>"; };
		2AEB47D9C70966EE5BEA8559 /* FindCountTests.swift */ = {isa = PBXFileReference; lastKnownFileType = sourcecode.swift; path = FindCountTests.swift; sourceTree = "<group>"; };
		2B6700D9C2E00D1370AB090A /* ComparisonResizeTests.swift */ = {isa = PBXFileReference; lastKnownFileType = sourcecode.swift; path = ComparisonResizeTests.swift; sourceTree = "<group>"; };
		2BD1E10B160A6450EDCD9824 /* OpenPlacement.swift */ = {isa = PBXFileReference; lastKnownFileType = sourcecode.swift; path = OpenPlacement.swift; sourceTree = "<group>"; };
		2BE59617A72542FDF8D4D330 /* SandboxBookmarkStoreTests.swift */ = {isa = PBXFileReference; lastKnownFileType = sourcecode.swift; path = SandboxBookmarkStoreTests.swift; sourceTree = "<group>"; };
		2C3EEEBCBDA05CE93D5D8646 /* DuplicateNameTests.swift */ = {isa = PBXFileReference; lastKnownFileType = sourcecode.swift; path = DuplicateNameTests.swift; sourceTree = "<group>"; };
		2CD97E5E51E50F0E06BF9B0E /* SegmentSaveTests.swift */ = {isa = PBXFileReference; lastKnownFileType = sourcecode.swift; path = SegmentSaveTests.swift; sourceTree = "<group>"; };
		2D60215031FC5A393582A2DF /* DragDrop.swift */ = {isa = PBXFileReference; lastKnownFileType = sourcecode.swift; path = DragDrop.swift; sourceTree = "<group>"; };
		2D6C40AE03786A3BEF22AFFF /* SegmentReplaceTests.swift */ = {isa = PBXFileReference; lastKnownFileType = sourcecode.swift; path = SegmentReplaceTests.swift; sourceTree = "<group>"; };
		2EDEBBD2483CAEDFE3574C52 /* KeyboardNavigationTests.swift */ = {isa = PBXFileReference; lastKnownFileType = sourcecode.swift; path = KeyboardNavigationTests.swift; sourceTree = "<group>"; };
		34217B4053D144F4DE01F1D5 /* Info.plist */ = {isa = PBXFileReference; lastKnownFileType = text.plist; path = Info.plist; sourceTree = "<group>"; };
		34D942839E33EBE6B59EC762 /* SettingsWindowController.swift */ = {isa = PBXFileReference; lastKnownFileType = sourcecode.swift; path = SettingsWindowController.swift; sourceTree = "<group>"; };
		35619EB218B8A77217CF90D9 /* CloseFileTests.swift */ = {isa = PBXFileReference; lastKnownFileType = sourcecode.swift; path = CloseFileTests.swift; sourceTree = "<group>"; };
		357C5A67D58276AF83F2D72E /* HexLayout.swift */ = {isa = PBXFileReference; lastKnownFileType = sourcecode.swift; path = HexLayout.swift; sourceTree = "<group>"; };
		360E004691846982D8C83A0B /* DefaultHandlerSettings.swift */ = {isa = PBXFileReference; lastKnownFileType = sourcecode.swift; path = DefaultHandlerSettings.swift; sourceTree = "<group>"; };
		39D2A05C7DA0DE400C947364 /* LayoutToggleTests.swift */ = {isa = PBXFileReference; lastKnownFileType = sourcecode.swift; path = LayoutToggleTests.swift; sourceTree = "<group>"; };
		3B42E676CF79776BC2414C9D /* FavoritePatternsSettingsTests.swift */ = {isa = PBXFileReference; lastKnownFileType = sourcecode.swift; path = FavoritePatternsSettingsTests.swift; sourceTree = "<group>"; };
		3C6B1C9CECFC1AF5131EBD26 /* AppThemeTests.swift */ = {isa = PBXFileReference; lastKnownFileType = sourcecode.swift; path = AppThemeTests.swift; sourceTree = "<group>"; };
		3CEC5406939AEF4D7D0DCDBE /* FindFlowTests.swift */ = {isa = PBXFileReference; lastKnownFileType = sourcecode.swift; path = FindFlowTests.swift; sourceTree = "<group>"; };
		3D19BD515430D62DEE20F662 /* SearchEncodingNaming.swift */ = {isa = PBXFileReference; lastKnownFileType = sourcecode.swift; path = SearchEncodingNaming.swift; sourceTree = "<group>"; };
		3E282E37B5C6F0636BA2AE70 /* BookmarkEditPopover.swift */ = {isa = PBXFileReference; lastKnownFileType = sourcecode.swift; path = BookmarkEditPopover.swift; sourceTree = "<group>"; };
		3F0421394F4B9F4AE1901168 /* SearchResultCellView.swift */ = {isa = PBXFileReference; lastKnownFileType = sourcecode.swift; path = SearchResultCellView.swift; sourceTree = "<group>"; };
		467E6E8B85C387891E7A7C56 /* SelectBlockSheetTests.swift */ = {isa = PBXFileReference; lastKnownFileType = sourcecode.swift; path = SelectBlockSheetTests.swift; sourceTree = "<group>"; };
		489034DE8AB317CDFDAAA1BA /* GoToBookmarksTests.swift */ = {isa = PBXFileReference; lastKnownFileType = sourcecode.swift; path = GoToBookmarksTests.swift; sourceTree = "<group>"; };
		48988F1CB9A04763A973A6DD /* BackgroundOperationTests.swift */ = {isa = PBXFileReference; lastKnownFileType = sourcecode.swift; path = BackgroundOperationTests.swift; sourceTree = "<group>"; };
		4987A32E6822DDC0EA848242 /* DefaultHandlerService.swift */ = {isa = PBXFileReference; lastKnownFileType = sourcecode.swift; path = DefaultHandlerService.swift; sourceTree = "<group>"; };
		4A0F2EF5D82B1CA586F39DD5 /* FavoritePatternStore.swift */ = {isa = PBXFileReference; lastKnownFileType = sourcecode.swift; path = FavoritePatternStore.swift; sourceTree = "<group>"; };
		4EBE727F08C7C829D0CA0F57 /* PaneHeaderView.swift */ = {isa = PBXFileReference; lastKnownFileType = sourcecode.swift; path = PaneHeaderView.swift; sourceTree = "<group>"; };
		4ED991070173287ACF175BB1 /* DropBands.swift */ = {isa = PBXFileReference; lastKnownFileType = sourcecode.swift; path = DropBands.swift; sourceTree = "<group>"; };
		510C86AF676C5EA504CCDBA2 /* FavoritePatternStoreTests.swift */ = {isa = PBXFileReference; lastKnownFileType = sourcecode.swift; path = FavoritePatternStoreTests.swift; sourceTree = "<group>"; };
		5327DBC55217689460B32402 /* PaneViewModel.swift */ = {isa = PBXFileReference; lastKnownFileType = sourcecode.swift; path = PaneViewModel.swift; sourceTree = "<group>"; };
		54D8A15CB578733AF96BFC1D /* WindowMode.swift */ = {isa = PBXFileReference; lastKnownFileType = sourcecode.swift; path = WindowMode.swift; sourceTree = "<group>"; };
		5642C6A5E8AFA36773D021E6 /* ToolbarItemsTests.swift */ = {isa = PBXFileReference; lastKnownFileType = sourcecode.swift; path = ToolbarItemsTests.swift; sourceTree = "<group>"; };
		5724F5CAC0A18BD98EE69BC6 /* HexColumnHeaderView.swift */ = {isa = PBXFileReference; lastKnownFileType = sourcecode.swift; path = HexColumnHeaderView.swift; sourceTree = "<group>"; };
		5776313BC0B9A9ABCA1DF98C /* FileTypesSettingsViewController.swift */ = {isa = PBXFileReference; lastKnownFileType = sourcecode.swift; path = FileTypesSettingsViewController.swift; sourceTree = "<group>"; };
		5A2833E2E2F58FCECF7731BB /* FillSelectionTests.swift */ = {isa = PBXFileReference; lastKnownFileType = sourcecode.swift; path = FillSelectionTests.swift; sourceTree = "<group>"; };
		5A61B0AA7755933DD1B3D4F8 /* DividerDragTests.swift */ = {isa = PBXFileReference; lastKnownFileType = sourcecode.swift; path = DividerDragTests.swift; sourceTree = "<group>"; };
		5E167368367FB357B5D8DB5F /* SingleFileDropView.swift */ = {isa = PBXFileReference; lastKnownFileType = sourcecode.swift; path = SingleFileDropView.swift; sourceTree = "<group>"; };
		5EB95864E3BA4EBC6F490C79 /* EmptyStateView.swift */ = {isa = PBXFileReference; lastKnownFileType = sourcecode.swift; path = EmptyStateView.swift; sourceTree = "<group>"; };
		6024791311F62D1D8A32128B /* BookmarkDragTests.swift */ = {isa = PBXFileReference; lastKnownFileType = sourcecode.swift; path = BookmarkDragTests.swift; sourceTree = "<group>"; };
		63CA37E8E17CC1712FAE7C20 /* OpenDocumentRegistry.swift */ = {isa = PBXFileReference; lastKnownFileType = sourcecode.swift; path = OpenDocumentRegistry.swift; sourceTree = "<group>"; };
		67E844808C0246D0B622523D /* DiffNavigationTests.swift */ = {isa = PBXFileReference; lastKnownFileType = sourcecode.swift; path = DiffNavigationTests.swift; sourceTree = "<group>"; };
		696F836F03D8BE3D9C1261F8 /* GoToBookmarksForm.swift */ = {isa = PBXFileReference; lastKnownFileType = sourcecode.swift; path = GoToBookmarksForm.swift; sourceTree = "<group>"; };
		70B7EBE980B4A83830DD34D6 /* CaretPlacementTests.swift */ = {isa = PBXFileReference; lastKnownFileType = sourcecode.swift; path = CaretPlacementTests.swift; sourceTree = "<group>"; };
		70B825766161BF967B7A08E7 /* SettingsWindowTests.swift */ = {isa = PBXFileReference; lastKnownFileType = sourcecode.swift; path = SettingsWindowTests.swift; sourceTree = "<group>"; };
		7163FEB7459D03892D3A4BB8 /* SegmentTintRenderTests.swift */ = {isa = PBXFileReference; lastKnownFileType = sourcecode.swift; path = SegmentTintRenderTests.swift; sourceTree = "<group>"; };
		7338140948096ABDADE950FE /* ComparisonCoordinatorTests.swift */ = {isa = PBXFileReference; lastKnownFileType = sourcecode.swift; path = ComparisonCoordinatorTests.swift; sourceTree = "<group>"; };
		7B554959FC1439079D92C91E /* HexColumnHeaderTests.swift */ = {isa = PBXFileReference; lastKnownFileType = sourcecode.swift; path = HexColumnHeaderTests.swift; sourceTree = "<group>"; };
		7CC40FA3295CB53000898E26 /* OpenPlacementTests.swift */ = {isa = PBXFileReference; lastKnownFileType = sourcecode.swift; path = OpenPlacementTests.swift; sourceTree = "<group>"; };
		7E1F52D647438EBCCD9AF08E /* MainViewController.swift */ = {isa = PBXFileReference; lastKnownFileType = sourcecode.swift; path = MainViewController.swift; sourceTree = "<group>"; };
		7EE089502718BD19C06E4207 /* AppearanceSettingsTests.swift */ = {isa = PBXFileReference; lastKnownFileType = sourcecode.swift; path = AppearanceSettingsTests.swift; sourceTree = "<group>"; };
		7FC713959D9654C564AB34E0 /* PaneViewModelTests.swift */ = {isa = PBXFileReference; lastKnownFileType = sourcecode.swift; path = PaneViewModelTests.swift; sourceTree = "<group>"; };
		82A34E0B2AAD3A720DCD4E59 /* DumpCompare.app */ = {isa = PBXFileReference; explicitFileType = wrapper.application; includeInIndex = 0; path = DumpCompare.app; sourceTree = BUILT_PRODUCTS_DIR; };
		84A9B0CABCCCF70E6F7F40CB /* MainViewControllerTests.swift */ = {isa = PBXFileReference; lastKnownFileType = sourcecode.swift; path = MainViewControllerTests.swift; sourceTree = "<group>"; };
		84AA5404B76190BABBD35644 /* BookmarkTests.swift */ = {isa = PBXFileReference; lastKnownFileType = sourcecode.swift; path = BookmarkTests.swift; sourceTree = "<group>"; };
		8BA1D9E9E5EDDCE2F5CC497C /* AppTheme.swift */ = {isa = PBXFileReference; lastKnownFileType = sourcecode.swift; path = AppTheme.swift; sourceTree = "<group>"; };
		8BA88BA685E6A6FE2E139C6E /* WordSize.swift */ = {isa = PBXFileReference; lastKnownFileType = sourcecode.swift; path = WordSize.swift; sourceTree = "<group>"; };
		8C0BBF07792AC425ACA137EA /* FilePaneView.swift */ = {isa = PBXFileReference; lastKnownFileType = sourcecode.swift; path = FilePaneView.swift; sourceTree = "<group>"; };
		8CAF09895E331AB4FAD76F1B /* DumpCompareCore */ = {isa = PBXFileReference; lastKnownFileType = folder; name = DumpCompareCore; path = DumpCompareCore; sourceTree = SOURCE_ROOT; };
		8DE72522D2764BE78815E970 /* PaneDragTests.swift */ = {isa = PBXFileReference; lastKnownFileType = sourcecode.swift; path = PaneDragTests.swift; sourceTree = "<group>"; };
		929D2D476EC0B0E02E3780E6 /* SegmentStore.swift */ = {isa = PBXFileReference; lastKnownFileType = sourcecode.swift; path = SegmentStore.swift; sourceTree = "<group>"; };
		95A1ED616E5D1F9C56E212FA /* FileChangeWatcherTests.swift */ = {isa = PBXFileReference; lastKnownFileType = sourcecode.swift; path = FileChangeWatcherTests.swift; sourceTree = "<group>"; };
		96966FE774DE9A046371E9AC /* PanelAppearanceTests.swift */ = {isa = PBXFileReference; lastKnownFileType = sourcecode.swift; path = PanelAppearanceTests.swift; sourceTree = "<group>"; };
		97FCEBBD3391E49B37CD9589 /* PaneName.swift */ = {isa = PBXFileReference; lastKnownFileType = sourcecode.swift; path = PaneName.swift; sourceTree = "<group>"; };
		98E9F6B84E53934F8BA5EF7D /* SegmentStoreTests.swift */ = {isa = PBXFileReference; lastKnownFileType = sourcecode.swift; path = SegmentStoreTests.swift; sourceTree = "<group>"; };
		994C164DCC770BF04BF9F516 /* ComparisonCoordinator.swift */ = {isa = PBXFileReference; lastKnownFileType = sourcecode.swift; path = ComparisonCoordinator.swift; sourceTree = "<group>"; };
		9984FD82338AD209BE146D2F /* MainMenu.swift */ = {isa = PBXFileReference; lastKnownFileType = sourcecode.swift; path = MainMenu.swift; sourceTree = "<group>"; };
		9B0D5CB24B4DFBC1B37F3F42 /* ByteSignificanceTests.swift */ = {isa = PBXFileReference; lastKnownFileType = sourcecode.swift; path = ByteSignificanceTests.swift; sourceTree = "<group>"; };
		9D7B2EDB756012F88F27083E /* SearchPatternEntry.swift */ = {isa = PBXFileReference; lastKnownFileType = sourcecode.swift; path = SearchPatternEntry.swift; sourceTree = "<group>"; };
		9F07F5F1B62FF782811B10B5 /* DefaultHandlerSettingsTests.swift */ = {isa = PBXFileReference; lastKnownFileType = sourcecode.swift; path = DefaultHandlerSettingsTests.swift; sourceTree = "<group>"; };
		9FB49BC2E9C7922B6194C285 /* ZoomToFitTests.swift */ = {isa = PBXFileReference; lastKnownFileType = sourcecode.swift; path = ZoomToFitTests.swift; sourceTree = "<group>"; };
		A1E5A6B9F0A95E72BBC345FB /* RenamePaneTests.swift */ = {isa = PBXFileReference; lastKnownFileType = sourcecode.swift; path = RenamePaneTests.swift; sourceTree = "<group>"; };
		A4166C141DBC4BDC31BAF9BB /* DropBandsTests.swift */ = {isa = PBXFileReference; lastKnownFileType = sourcecode.swift; path = DropBandsTests.swift; sourceTree = "<group>"; };
		A7139D54D91271EEF21E25A0 /* AutoscrollSelectionTests.swift */ = {isa = PBXFileReference; lastKnownFileType = sourcecode.swift; path = AutoscrollSelectionTests.swift; sourceTree = "<group>"; };
		A9B783C280D6385562203A2F /* AppIconTests.swift */ = {isa = PBXFileReference; lastKnownFileType = sourcecode.swift; path = AppIconTests.swift; sourceTree = "<group>"; };
		A9DC7EE920F16705820DABFD /* SheetControllers.swift */ = {isa = PBXFileReference; lastKnownFileType = sourcecode.swift; path = SheetControllers.swift; sourceTree = "<group>"; };
		ACC53ED662466EAA3E41C662 /* TransientNoticeView.swift */ = {isa = PBXFileReference; lastKnownFileType = sourcecode.swift; path = TransientNoticeView.swift; sourceTree = "<group>"; };
		AD6D5A17DFAB3BC59647AC32 /* OverviewBinning.swift */ = {isa = PBXFileReference; lastKnownFileType = sourcecode.swift; path = OverviewBinning.swift; sourceTree = "<group>"; };
		AF711661D56F0CEAE5E75657 /* FindHighlightTests.swift */ = {isa = PBXFileReference; lastKnownFileType = sourcecode.swift; path = FindHighlightTests.swift; sourceTree = "<group>"; };
		AFC74C16EA571DA70EA41069 /* CutEditPopover.swift */ = {isa = PBXFileReference; lastKnownFileType = sourcecode.swift; path = CutEditPopover.swift; sourceTree = "<group>"; };
		B1F22F7F4ED50E7123227B23 /* ContentRedrawTests.swift */ = {isa = PBXFileReference; lastKnownFileType = sourcecode.swift; path = ContentRedrawTests.swift; sourceTree = "<group>"; };
		B263148E42F15DDD02319995 /* FileTypesSettingsTests.swift */ = {isa = PBXFileReference; lastKnownFileType = sourcecode.swift; path = FileTypesSettingsTests.swift; sourceTree = "<group>"; };
		B632B1264528D37639903F19 /* CutEditPopoverTests.swift */ = {isa = PBXFileReference; lastKnownFileType = sourcecode.swift; path = CutEditPopoverTests.swift; sourceTree = "<group>"; };
		B79C383C2543FFEA87776361 /* MinimapPanelView.swift */ = {isa = PBXFileReference; lastKnownFileType = sourcecode.swift; path = MinimapPanelView.swift; sourceTree = "<group>"; };
		B7A094B2E245E822EEB75E7F /* EditingSettingsTests.swift */ = {isa = PBXFileReference; lastKnownFileType = sourcecode.swift; path = EditingSettingsTests.swift; sourceTree = "<group>"; };
		B8E2C4E8BCD5826CF561D492 /* ReparentPaneReproTests.swift */ = {isa = PBXFileReference; lastKnownFileType = sourcecode.swift; path = ReparentPaneReproTests.swift; sourceTree = "<group>"; };
		B9A7DE8E7791AA34BDA2EAB1 /* WordSizeTests.swift */ = {isa = PBXFileReference; lastKnownFileType = sourcecode.swift; path = WordSizeTests.swift; sourceTree = "<group>"; };
		BA13A6AE741E32DDD5A3279C /* FavoritePatternsSettingsViewController.swift */ = {isa = PBXFileReference; lastKnownFileType = sourcecode.swift; path = FavoritePatternsSettingsViewController.swift; sourceTree = "<group>"; };
		C09AC6F1143FA3369F2AB40B /* DropSplitLayoutTests.swift */ = {isa = PBXFileReference; lastKnownFileType = sourcecode.swift; path = DropSplitLayoutTests.swift; sourceTree = "<group>"; };
		C0DD3442B9AD323F86C718B7 /* SmartSearchFlowTests.swift */ = {isa = PBXFileReference; lastKnownFileType = sourcecode.swift; path = SmartSearchFlowTests.swift; sourceTree = "<group>"; };
		C3ECCE7B8EC25F721ABC238B /* AppearanceSettings.swift */ = {isa = PBXFileReference; lastKnownFileType = sourcecode.swift; path = AppearanceSettings.swift; sourceTree = "<group>"; };
		C493FB0DA34423850B00F051 /* TestSupport.swift */ = {isa = PBXFileReference; lastKnownFileType = sourcecode.swift; path = TestSupport.swift; sourceTree = "<group>"; };
		C69836FF0C4CE8AC846BC7CB /* DropBandLayoutTests.swift */ = {isa = PBXFileReference; lastKnownFileType = sourcecode.swift; path = DropBandLayoutTests.swift; sourceTree = "<group>"; };
		C6B628E64567341A9AB617D6 /* TitleBarMenuTests.swift */ = {isa = PBXFileReference; lastKnownFileType = sourcecode.swift; path = TitleBarMenuTests.swift; sourceTree = "<group>"; };
		C8F0ABAC4DEEBAE7DD9A62BB /* HexLayoutTests.swift */ = {isa = PBXFileReference; lastKnownFileType = sourcecode.swift; path = HexLayoutTests.swift; sourceTree = "<group>"; };
		CD60D91BEDA4290B2A565D76 /* SegmentCommandsTests.swift */ = {isa = PBXFileReference; lastKnownFileType = sourcecode.swift; path = SegmentCommandsTests.swift; sourceTree = "<group>"; };
		D038B7BDAAD40F4D12E5A913 /* SettingsWindowSizeTests.swift */ = {isa = PBXFileReference; lastKnownFileType = sourcecode.swift; path = SettingsWindowSizeTests.swift; sourceTree = "<group>"; };
		D22073CBEEC3C36EA608DFE1 /* HexView.swift */ = {isa = PBXFileReference; lastKnownFileType = sourcecode.swift; path = HexView.swift; sourceTree = "<group>"; };
		D2B3A4DD743DCCA1D634B456 /* EmptyStateViewTests.swift */ = {isa = PBXFileReference; lastKnownFileType = sourcecode.swift; path = EmptyStateViewTests.swift; sourceTree = "<group>"; };
		D312D1448C24398D2F592815 /* AppMain.swift */ = {isa = PBXFileReference; lastKnownFileType = sourcecode.swift; path = AppMain.swift; sourceTree = "<group>"; };
		D3C2A40B26A44D5CECCB9E1E /* FindCount.swift */ = {isa = PBXFileReference; lastKnownFileType = sourcecode.swift; path = FindCount.swift; sourceTree = "<group>"; };
		D4F1945C5B2DF090953B5150 /* MainWindowMenuTests.swift */ = {isa = PBXFileReference; lastKnownFileType = sourcecode.swift; path = MainWindowMenuTests.swift; sourceTree = "<group>"; };
		D56C7E4027097952395DD0AF /* NewFileAndSwapTests.swift */ = {isa = PBXFileReference; lastKnownFileType = sourcecode.swift; path = NewFileAndSwapTests.swift; sourceTree = "<group>"; };
		D8FE77BD408D4E768F8FC6EF /* SegmentPaletteTests.swift */ = {isa = PBXFileReference; lastKnownFileType = sourcecode.swift; path = SegmentPaletteTests.swift; sourceTree = "<group>"; };
		D973015202AEA40CA006F901 /* NamePatternSheetController.swift */ = {isa = PBXFileReference; lastKnownFileType = sourcecode.swift; path = NamePatternSheetController.swift; sourceTree = "<group>"; };
		DAB9141A276D1D3ABE1A8DA1 /* TypingModeIndicatorTests.swift */ = {isa = PBXFileReference; lastKnownFileType = sourcecode.swift; path = TypingModeIndicatorTests.swift; sourceTree = "<group>"; };
		DD6C4971E3DDCB42B430D8DA /* HexPatternFormattingTests.swift */ = {isa = PBXFileReference; lastKnownFileType = sourcecode.swift; path = HexPatternFormattingTests.swift; sourceTree = "<group>"; };
		E2FFB4C256441E0544EDCAE6 /* DuplicateTests.swift */ = {isa = PBXFileReference; lastKnownFileType = sourcecode.swift; path = DuplicateTests.swift; sourceTree = "<group>"; };
		E30D87A5B0A97BD0F453B74A /* PatternMenuTests.swift */ = {isa = PBXFileReference; lastKnownFileType = sourcecode.swift; path = PatternMenuTests.swift; sourceTree = "<group>"; };
		E67EF396B7D2B32694C3C02D /* LayoutSettingsViewController.swift */ = {isa = PBXFileReference; lastKnownFileType = sourcecode.swift; path = LayoutSettingsViewController.swift; sourceTree = "<group>"; };
		E7E4EC6636A917E3E3CEBC24 /* SearchResultsViewController.swift */ = {isa = PBXFileReference; lastKnownFileType = sourcecode.swift; path = SearchResultsViewController.swift; sourceTree = "<group>"; };
		E9BBBA06BD7728DB1217E802 /* TextVerticalAlignmentTests.swift */ = {isa = PBXFileReference; lastKnownFileType = sourcecode.swift; path = TextVerticalAlignmentTests.swift; sourceTree = "<group>"; };
		EDC399F1794934F21FA510FC /* OperationStatusView.swift */ = {isa = PBXFileReference; lastKnownFileType = sourcecode.swift; path = OperationStatusView.swift; sourceTree = "<group>"; };
		EEE766993D5D79BAABE7D087 /* AppDelegate.swift */ = {isa = PBXFileReference; lastKnownFileType = sourcecode.swift; path = AppDelegate.swift; sourceTree = "<group>"; };
		EF89EBB5E40995FFDADD9147 /* DuplicateName.swift */ = {isa = PBXFileReference; lastKnownFileType = sourcecode.swift; path = DuplicateName.swift; sourceTree = "<group>"; };
		F0947EB3C44A8B0879C9B66A /* ActivePaneTests.swift */ = {isa = PBXFileReference; lastKnownFileType = sourcecode.swift; path = ActivePaneTests.swift; sourceTree = "<group>"; };
		F14440A3FA89828B6F2D2F65 /* Assets.xcassets */ = {isa = PBXFileReference; lastKnownFileType = folder.assetcatalog; path = Assets.xcassets; sourceTree = "<group>"; };
		F189C34D5AB2C07E056E3153 /* BookmarkMinimapTests.swift */ = {isa = PBXFileReference; lastKnownFileType = sourcecode.swift; path = BookmarkMinimapTests.swift; sourceTree = "<group>"; };
		F1AC4C330DFC599D446E0783 /* ComparisonSettingsTests.swift */ = {isa = PBXFileReference; lastKnownFileType = sourcecode.swift; path = ComparisonSettingsTests.swift; sourceTree = "<group>"; };
		F21C8DF88E66531DF2B918E2 /* ComparisonSettings.swift */ = {isa = PBXFileReference; lastKnownFileType = sourcecode.swift; path = ComparisonSettings.swift; sourceTree = "<group>"; };
		F2C7301D0193A3E8079F472C /* PaneHeaderIconTests.swift */ = {isa = PBXFileReference; lastKnownFileType = sourcecode.swift; path = PaneHeaderIconTests.swift; sourceTree = "<group>"; };
		F32F39A3F1F86AB833B5A309 /* MainWindowController.swift */ = {isa = PBXFileReference; lastKnownFileType = sourcecode.swift; path = MainWindowController.swift; sourceTree = "<group>"; };
		F4060AF0A96DD6E896717F3A /* DumpCompareTests.xctest */ = {isa = PBXFileReference; explicitFileType = wrapper.cfbundle; includeInIndex = 0; path = DumpCompareTests.xctest; sourceTree = BUILT_PRODUCTS_DIR; };
		F609B26466FB10BD1F2BC743 /* SandboxBookmarkStore.swift */ = {isa = PBXFileReference; lastKnownFileType = sourcecode.swift; path = SandboxBookmarkStore.swift; sourceTree = "<group>"; };
		F7A740B81D0201C1FE24D731 /* NamePatternSheetTests.swift */ = {isa = PBXFileReference; lastKnownFileType = sourcecode.swift; path = NamePatternSheetTests.swift; sourceTree = "<group>"; };
		F82BCDB4017565C11BE6EB2B /* TearOffTests.swift */ = {isa = PBXFileReference; lastKnownFileType = sourcecode.swift; path = TearOffTests.swift; sourceTree = "<group>"; };
		F8DC160E52487350DC9E0413 /* BookmarkStore.swift */ = {isa = PBXFileReference; lastKnownFileType = sourcecode.swift; path = BookmarkStore.swift; sourceTree = "<group>"; };
		FBEF0C558873BA9AEAF948A6 /* ScrollPreservationTests.swift */ = {isa = PBXFileReference; lastKnownFileType = sourcecode.swift; path = ScrollPreservationTests.swift; sourceTree = "<group>"; };
		FCD886DB1AFE9BF9F1C08F95 /* MouseSelectionTests.swift */ = {isa = PBXFileReference; lastKnownFileType = sourcecode.swift; path = MouseSelectionTests.swift; sourceTree = "<group>"; };
/* End PBXFileReference section */

/* Begin PBXFrameworksBuildPhase section */
		AE7BFA594D90F0920140467F /* Frameworks */ = {
			isa = PBXFrameworksBuildPhase;
			buildActionMask = 2147483647;
			files = (
				0FA4395104B7881F63176151 /* DumpCompareCore in Frameworks */,
				2CC3DE75EEA1611CCBAF0BAF /* ALSplitView in Frameworks */,
			);
			runOnlyForDeploymentPostprocessing = 0;
		};
		D81E08D7CBA312B9EAB238CA /* Frameworks */ = {
			isa = PBXFrameworksBuildPhase;
			buildActionMask = 2147483647;
			files = (
				60337FD7B95B8887CE53DBBE /* DumpCompareCore in Frameworks */,
				24C17C26B9CDABCDF110EFDF /* ALSplitView in Frameworks */,
			);
			runOnlyForDeploymentPostprocessing = 0;
		};
/* End PBXFrameworksBuildPhase section */

/* Begin PBXGroup section */
		04BD830D6922AE7EDD17C0D9 /* Hex */ = {
			isa = PBXGroup;
			children = (
				5724F5CAC0A18BD98EE69BC6 /* HexColumnHeaderView.swift */,
				357C5A67D58276AF83F2D72E /* HexLayout.swift */,
				D22073CBEEC3C36EA608DFE1 /* HexView.swift */,
				8BA88BA685E6A6FE2E139C6E /* WordSize.swift */,
			);
			path = Hex;
			sourceTree = "<group>";
		};
		0C8B637B22BF8A9C061B5365 /* Minimap */ = {
			isa = PBXGroup;
			children = (
				B79C383C2543FFEA87776361 /* MinimapPanelView.swift */,
				0BFDEEC21717E3DC2D481C3B /* MinimapView.swift */,
				AD6D5A17DFAB3BC59647AC32 /* OverviewBinning.swift */,
			);
			path = Minimap;
			sourceTree = "<group>";
		};
		1652E8A2629CEC2F2EBBB5D4 /* Packages */ = {
			isa = PBXGroup;
			children = (
				0F21118BFC8C1730CD7BC04C /* ALSplitView */,
				8CAF09895E331AB4FAD76F1B /* DumpCompareCore */,
			);
			name = Packages;
			sourceTree = "<group>";
		};
		37AE569B68981E7252EE270B /* App */ = {
			isa = PBXGroup;
			children = (
				EEE766993D5D79BAABE7D087 /* AppDelegate.swift */,
				D312D1448C24398D2F592815 /* AppMain.swift */,
				8BA1D9E9E5EDDCE2F5CC497C /* AppTheme.swift */,
				9984FD82338AD209BE146D2F /* MainMenu.swift */,
				F32F39A3F1F86AB833B5A309 /* MainWindowController.swift */,
			);
			path = App;
			sourceTree = "<group>";
		};
		394F7AA48F5637CDCDC7BBC3 = {
			isa = PBXGroup;
			children = (
				6F30AF8965E450B74DED1FEE /* DumpCompareApp */,
				B7F573457885834014D587D4 /* DumpCompareTests */,
				1652E8A2629CEC2F2EBBB5D4 /* Packages */,
				8652620F0ECE7008C810D42F /* Products */,
			);
			sourceTree = "<group>";
		};
		6B739EC5741F21F1B4F622FD /* DragDrop */ = {
			isa = PBXGroup;
			children = (
				2D60215031FC5A393582A2DF /* DragDrop.swift */,
				4ED991070173287ACF175BB1 /* DropBands.swift */,
				5E167368367FB357B5D8DB5F /* SingleFileDropView.swift */,
			);
			path = DragDrop;
			sourceTree = "<group>";
		};
		6F30AF8965E450B74DED1FEE /* DumpCompareApp */ = {
			isa = PBXGroup;
			children = (
				37AE569B68981E7252EE270B /* App */,
				91529258552204544298EBDC /* Bookmarks */,
				8336D054606D18C512751E5C /* Documents */,
				6B739EC5741F21F1B4F622FD /* DragDrop */,
				04BD830D6922AE7EDD17C0D9 /* Hex */,
				0C8B637B22BF8A9C061B5365 /* Minimap */,
				761B4E18E971BD05DB2FFFA2 /* Pane */,
				8C21D71F92A4BD564D6B8B3B /* Search */,
				F45FCFC4DCE36617CFBE04BE /* Segments */,
				E746A7BEA27B396EB43AF0DF /* Settings */,
				940AEBB4AA750D1B20BD2984 /* Window */,
				F14440A3FA89828B6F2D2F65 /* Assets.xcassets */,
				1D73B46350757B2E6D907D7F /* DumpCompare.entitlements */,
				34217B4053D144F4DE01F1D5 /* Info.plist */,
			);
			path = DumpCompareApp;
			sourceTree = "<group>";
		};
		761B4E18E971BD05DB2FFFA2 /* Pane */ = {
			isa = PBXGroup;
			children = (
				1F22AEC471D878179D296BF4 /* BackgroundOperation.swift */,
				8C0BBF07792AC425ACA137EA /* FilePaneView.swift */,
				EDC399F1794934F21FA510FC /* OperationStatusView.swift */,
				4EBE727F08C7C829D0CA0F57 /* PaneHeaderView.swift */,
				5327DBC55217689460B32402 /* PaneViewModel.swift */,
			);
			path = Pane;
			sourceTree = "<group>";
		};
		8336D054606D18C512751E5C /* Documents */ = {
			isa = PBXGroup;
			children = (
				EF89EBB5E40995FFDADD9147 /* DuplicateName.swift */,
				10CD412C5BE16D23D8A1D1B5 /* FileChangeWatcher.swift */,
				63CA37E8E17CC1712FAE7C20 /* OpenDocumentRegistry.swift */,
				2BD1E10B160A6450EDCD9824 /* OpenPlacement.swift */,
				97FCEBBD3391E49B37CD9589 /* PaneName.swift */,
				F609B26466FB10BD1F2BC743 /* SandboxBookmarkStore.swift */,
				A9DC7EE920F16705820DABFD /* SheetControllers.swift */,
			);
			path = Documents;
			sourceTree = "<group>";
		};
		8652620F0ECE7008C810D42F /* Products */ = {
			isa = PBXGroup;
			children = (
				82A34E0B2AAD3A720DCD4E59 /* DumpCompare.app */,
				F4060AF0A96DD6E896717F3A /* DumpCompareTests.xctest */,
			);
			name = Products;
			sourceTree = "<group>";
		};
		8C21D71F92A4BD564D6B8B3B /* Search */ = {
			isa = PBXGroup;
			children = (
				4A0F2EF5D82B1CA586F39DD5 /* FavoritePatternStore.swift */,
				269760959ACD3310FE98A13F /* FindBarView.swift */,
				D3C2A40B26A44D5CECCB9E1E /* FindCount.swift */,
				D973015202AEA40CA006F901 /* NamePatternSheetController.swift */,
				3D19BD515430D62DEE20F662 /* SearchEncodingNaming.swift */,
				9D7B2EDB756012F88F27083E /* SearchPatternEntry.swift */,
				3F0421394F4B9F4AE1901168 /* SearchResultCellView.swift */,
				E7E4EC6636A917E3E3CEBC24 /* SearchResultsViewController.swift */,
			);
			path = Search;
			sourceTree = "<group>";
		};
		91529258552204544298EBDC /* Bookmarks */ = {
			isa = PBXGroup;
			children = (
				3E282E37B5C6F0636BA2AE70 /* BookmarkEditPopover.swift */,
				F8DC160E52487350DC9E0413 /* BookmarkStore.swift */,
				696F836F03D8BE3D9C1261F8 /* GoToBookmarksForm.swift */,
			);
			path = Bookmarks;
			sourceTree = "<group>";
		};
		940AEBB4AA750D1B20BD2984 /* Window */ = {
			isa = PBXGroup;
			children = (
				994C164DCC770BF04BF9F516 /* ComparisonCoordinator.swift */,
				1D24F91C666A9B3AF821F1F8 /* ComparisonView.swift */,
				5EB95864E3BA4EBC6F490C79 /* EmptyStateView.swift */,
				7E1F52D647438EBCCD9AF08E /* MainViewController.swift */,
				ACC53ED662466EAA3E41C662 /* TransientNoticeView.swift */,
				54D8A15CB578733AF96BFC1D /* WindowMode.swift */,
				23DCBA806517E2203DF47412 /* WindowViewModel.swift */,
			);
			path = Window;
			sourceTree = "<group>";
		};
		B7F573457885834014D587D4 /* DumpCompareTests */ = {
			isa = PBXGroup;
			children = (
				F0947EB3C44A8B0879C9B66A /* ActivePaneTests.swift */,
				7EE089502718BD19C06E4207 /* AppearanceSettingsTests.swift */,
				A9B783C280D6385562203A2F /* AppIconTests.swift */,
				3C6B1C9CECFC1AF5131EBD26 /* AppThemeTests.swift */,
				A7139D54D91271EEF21E25A0 /* AutoscrollSelectionTests.swift */,
				48988F1CB9A04763A973A6DD /* BackgroundOperationTests.swift */,
				6024791311F62D1D8A32128B /* BookmarkDragTests.swift */,
				F189C34D5AB2C07E056E3153 /* BookmarkMinimapTests.swift */,
				84AA5404B76190BABBD35644 /* BookmarkTests.swift */,
				9B0D5CB24B4DFBC1B37F3F42 /* ByteSignificanceTests.swift */,
				70B7EBE980B4A83830DD34D6 /* CaretPlacementTests.swift */,
				35619EB218B8A77217CF90D9 /* CloseFileTests.swift */,
				7338140948096ABDADE950FE /* ComparisonCoordinatorTests.swift */,
				2581320A3453C01FF111B29B /* ComparisonPaneTests.swift */,
				2B6700D9C2E00D1370AB090A /* ComparisonResizeTests.swift */,
				F1AC4C330DFC599D446E0783 /* ComparisonSettingsTests.swift */,
				B1F22F7F4ED50E7123227B23 /* ContentRedrawTests.swift */,
				B632B1264528D37639903F19 /* CutEditPopoverTests.swift */,
				9F07F5F1B62FF782811B10B5 /* DefaultHandlerSettingsTests.swift */,
				67E844808C0246D0B622523D /* DiffNavigationTests.swift */,
				5A61B0AA7755933DD1B3D4F8 /* DividerDragTests.swift */,
				C69836FF0C4CE8AC846BC7CB /* DropBandLayoutTests.swift */,
				A4166C141DBC4BDC31BAF9BB /* DropBandsTests.swift */,
				C09AC6F1143FA3369F2AB40B /* DropSplitLayoutTests.swift */,
				2C3EEEBCBDA05CE93D5D8646 /* DuplicateNameTests.swift */,
				E2FFB4C256441E0544EDCAE6 /* DuplicateTests.swift */,
				B7A094B2E245E822EEB75E7F /* EditingSettingsTests.swift */,
				070D6C147B5AC22ABEA67A97 /* EmptyStateBookmarksTests.swift */,
				D2B3A4DD743DCCA1D634B456 /* EmptyStateViewTests.swift */,
				3B42E676CF79776BC2414C9D /* FavoritePatternsSettingsTests.swift */,
				510C86AF676C5EA504CCDBA2 /* FavoritePatternStoreTests.swift */,
				95A1ED616E5D1F9C56E212FA /* FileChangeWatcherTests.swift */,
				B263148E42F15DDD02319995 /* FileTypesSettingsTests.swift */,
				5A2833E2E2F58FCECF7731BB /* FillSelectionTests.swift */,
				2AEB47D9C70966EE5BEA8559 /* FindCountTests.swift */,
				3CEC5406939AEF4D7D0DCDBE /* FindFlowTests.swift */,
				AF711661D56F0CEAE5E75657 /* FindHighlightTests.swift */,
				489034DE8AB317CDFDAAA1BA /* GoToBookmarksTests.swift */,
				20D9603C698CA61F9D4A641B /* HeaderFitWidthTests.swift */,
				7B554959FC1439079D92C91E /* HexColumnHeaderTests.swift */,
				C8F0ABAC4DEEBAE7DD9A62BB /* HexLayoutTests.swift */,
				DD6C4971E3DDCB42B430D8DA /* HexPatternFormattingTests.swift */,
				02B9500D140BE09B6006859B /* HexViewAppearanceTests.swift */,
				0C7D62298D32FA0A4CB506D9 /* JoinTests.swift */,
				14C928274BCCBD1F1FE7C09F /* JoinUndoTests.swift */,
				2EDEBBD2483CAEDFE3574C52 /* KeyboardNavigationTests.swift */,
				39D2A05C7DA0DE400C947364 /* LayoutToggleTests.swift */,
				84A9B0CABCCCF70E6F7F40CB /* MainViewControllerTests.swift */,
				D4F1945C5B2DF090953B5150 /* MainWindowMenuTests.swift */,
				27C6A9590239BF0BA6B2EC2B /* MinimapTests.swift */,
				FCD886DB1AFE9BF9F1C08F95 /* MouseSelectionTests.swift */,
				20680261775F5CBE9C6154F0 /* MultiWindowTests.swift */,
				F7A740B81D0201C1FE24D731 /* NamePatternSheetTests.swift */,
				D56C7E4027097952395DD0AF /* NewFileAndSwapTests.swift */,
				1445B50C1699C6C709B63A33 /* OffsetColumnAddressTests.swift */,
				209E4194094A04377AA5F50F /* OffsetContextMenuTests.swift */,
				7CC40FA3295CB53000898E26 /* OpenPlacementTests.swift */,
				8DE72522D2764BE78815E970 /* PaneDragTests.swift */,
				F2C7301D0193A3E8079F472C /* PaneHeaderIconTests.swift */,
				96966FE774DE9A046371E9AC /* PanelAppearanceTests.swift */,
				7FC713959D9654C564AB34E0 /* PaneViewModelTests.swift */,
				E30D87A5B0A97BD0F453B74A /* PatternMenuTests.swift */,
				A1E5A6B9F0A95E72BBC345FB /* RenamePaneTests.swift */,
				B8E2C4E8BCD5826CF561D492 /* ReparentPaneReproTests.swift */,
				2BE59617A72542FDF8D4D330 /* SandboxBookmarkStoreTests.swift */,
				FBEF0C558873BA9AEAF948A6 /* ScrollPreservationTests.swift */,
				CD60D91BEDA4290B2A565D76 /* SegmentCommandsTests.swift */,
				D8FE77BD408D4E768F8FC6EF /* SegmentPaletteTests.swift */,
				2D6C40AE03786A3BEF22AFFF /* SegmentReplaceTests.swift */,
				2CD97E5E51E50F0E06BF9B0E /* SegmentSaveTests.swift */,
				02E8C71B97A6F1128C677558 /* SegmentsFormTests.swift */,
				98E9F6B84E53934F8BA5EF7D /* SegmentStoreTests.swift */,
				7163FEB7459D03892D3A4BB8 /* SegmentTintRenderTests.swift */,
				467E6E8B85C387891E7A7C56 /* SelectBlockSheetTests.swift */,
				01DD6E4191B6BA3EBD959277 /* SelectionRedrawTests.swift */,
				D038B7BDAAD40F4D12E5A913 /* SettingsWindowSizeTests.swift */,
				70B825766161BF967B7A08E7 /* SettingsWindowTests.swift */,
				C0DD3442B9AD323F86C718B7 /* SmartSearchFlowTests.swift */,
				F82BCDB4017565C11BE6EB2B /* TearOffTests.swift */,
				C493FB0DA34423850B00F051 /* TestSupport.swift */,
				E9BBBA06BD7728DB1217E802 /* TextVerticalAlignmentTests.swift */,
				C6B628E64567341A9AB617D6 /* TitleBarMenuTests.swift */,
				5642C6A5E8AFA36773D021E6 /* ToolbarItemsTests.swift */,
				19B4629E1E5C13B990345DDA /* ToolbarValidationTests.swift */,
				DAB9141A276D1D3ABE1A8DA1 /* TypingModeIndicatorTests.swift */,
				16A8C6524AA2950540398C91 /* UntitledFileTests.swift */,
				B9A7DE8E7791AA34BDA2EAB1 /* WordSizeTests.swift */,
				9FB49BC2E9C7922B6194C285 /* ZoomToFitTests.swift */,
			);
			path = DumpCompareTests;
			sourceTree = "<group>";
		};
		E746A7BEA27B396EB43AF0DF /* Settings */ = {
			isa = PBXGroup;
			children = (
				C3ECCE7B8EC25F721ABC238B /* AppearanceSettings.swift */,
				F21C8DF88E66531DF2B918E2 /* ComparisonSettings.swift */,
				4987A32E6822DDC0EA848242 /* DefaultHandlerService.swift */,
				360E004691846982D8C83A0B /* DefaultHandlerSettings.swift */,
				1F8BFA02D9D038EB2D943E26 /* EditingSettings.swift */,
				BA13A6AE741E32DDD5A3279C /* FavoritePatternsSettingsViewController.swift */,
				5776313BC0B9A9ABCA1DF98C /* FileTypesSettingsViewController.swift */,
				E67EF396B7D2B32694C3C02D /* LayoutSettingsViewController.swift */,
				34D942839E33EBE6B59EC762 /* SettingsWindowController.swift */,
				2ADF460720A9E61B5923C05E /* TextDecodingSettingsViewController.swift */,
			);
			path = Settings;
			sourceTree = "<group>";
		};
		F45FCFC4DCE36617CFBE04BE /* Segments */ = {
			isa = PBXGroup;
			children = (
				AFC74C16EA571DA70EA41069 /* CutEditPopover.swift */,
				1EF5876FE7AD4476AC20ED7A /* SegmentsForm.swift */,
				929D2D476EC0B0E02E3780E6 /* SegmentStore.swift */,
			);
			path = Segments;
			sourceTree = "<group>";
		};
/* End PBXGroup section */

/* Begin PBXNativeTarget section */
		33581551AB885AE2F9E833F1 /* DumpCompare */ = {
			isa = PBXNativeTarget;
			buildConfigurationList = BC5DE31D208F3551000476A8 /* Build configuration list for PBXNativeTarget "DumpCompare" */;
			buildPhases = (
				81370AF3D44DEA058BFB8BAD /* Sources */,
				E471D6EB050827B5B3B1C69F /* Resources */,
				D81E08D7CBA312B9EAB238CA /* Frameworks */,
			);
			buildRules = (
			);
			dependencies = (
			);
			name = DumpCompare;
			packageProductDependencies = (
				DD998B4928A6EFDFADE20701 /* DumpCompareCore */,
				AD6E71504179520D86EC624C /* ALSplitView */,
			);
			productName = DumpCompare;
			productReference = 82A34E0B2AAD3A720DCD4E59 /* DumpCompare.app */;
			productType = "com.apple.product-type.application";
		};
		FE9F9F9D8DB4A51C602993ED /* DumpCompareTests */ = {
			isa = PBXNativeTarget;
			buildConfigurationList = 5E17292E46DDDC98E00748BC /* Build configuration list for PBXNativeTarget "DumpCompareTests" */;
			buildPhases = (
				9F02619B59704A97DCAD99E1 /* Sources */,
				AE7BFA594D90F0920140467F /* Frameworks */,
			);
			buildRules = (
			);
			dependencies = (
				71CB252DAE692CFB6651CC42 /* PBXTargetDependency */,
			);
			name = DumpCompareTests;
			packageProductDependencies = (
				ABC9FED3EFF91E300892FE20 /* DumpCompareCore */,
				C174CDEFBF0B58EB25FA7B9F /* ALSplitView */,
			);
			productName = DumpCompareTests;
			productReference = F4060AF0A96DD6E896717F3A /* DumpCompareTests.xctest */;
			productType = "com.apple.product-type.bundle.unit-test";
		};
/* End PBXNativeTarget section */

/* Begin PBXProject section */
		7A82BB8246188B3B74950BBC /* Project object */ = {
			isa = PBXProject;
			attributes = {
				BuildIndependentTargetsInParallel = YES;
				LastUpgradeCheck = 1430;
				TargetAttributes = {
					33581551AB885AE2F9E833F1 = {
						ProvisioningStyle = Manual;
					};
					FE9F9F9D8DB4A51C602993ED = {
						ProvisioningStyle = Manual;
					};
				};
			};
			buildConfigurationList = 052E4922F9C936E33CBF2980 /* Build configuration list for PBXProject "DumpCompare" */;
			developmentRegion = en;
			hasScannedForEncodings = 0;
			knownRegions = (
				Base,
				en,
			);
			mainGroup = 394F7AA48F5637CDCDC7BBC3;
			minimizedProjectReferenceProxies = 1;
			packageReferences = (
				696247C09F4DE1AD4EAC99C7 /* XCLocalSwiftPackageReference "ALSplitView" */,
				CD3633FA649BEFC181FDDDBA /* XCLocalSwiftPackageReference "DumpCompareCore" */,
			);
			preferredProjectObjectVersion = 77;
			productRefGroup = 8652620F0ECE7008C810D42F /* Products */;
			projectDirPath = "";
			projectRoot = "";
			targets = (
				33581551AB885AE2F9E833F1 /* DumpCompare */,
				FE9F9F9D8DB4A51C602993ED /* DumpCompareTests */,
			);
		};
/* End PBXProject section */

/* Begin PBXResourcesBuildPhase section */
		E471D6EB050827B5B3B1C69F /* Resources */ = {
			isa = PBXResourcesBuildPhase;
			buildActionMask = 2147483647;
			files = (
				9AF14D437FB592CD45D94A46 /* Assets.xcassets in Resources */,
			);
			runOnlyForDeploymentPostprocessing = 0;
		};
/* End PBXResourcesBuildPhase section */

/* Begin PBXSourcesBuildPhase section */
		81370AF3D44DEA058BFB8BAD /* Sources */ = {
			isa = PBXSourcesBuildPhase;
			buildActionMask = 2147483647;
			files = (
				104971D38BF106EA213AA760 /* AppDelegate.swift in Sources */,
				989014B0588BB07E439E2324 /* AppMain.swift in Sources */,
				8DF96F791691579E7D89E347 /* AppTheme.swift in Sources */,
				41B6055192C9F90FDB6E528F /* AppearanceSettings.swift in Sources */,
				4B87A914B9579E064CB88560 /* BackgroundOperation.swift in Sources */,
				1AE6027587AEB85CE40A4E1A /* BookmarkEditPopover.swift in Sources */,
				CAED32B0FBC811262D8F4F6F /* BookmarkStore.swift in Sources */,
				D01CE6ADD18D3C7E72BFCF76 /* ComparisonCoordinator.swift in Sources */,
				402F666460835E9BBBA36731 /* ComparisonSettings.swift in Sources */,
				89D67275DD7CE954F5C60EAC /* ComparisonView.swift in Sources */,
				A4213D1B46BC6DFDE6D0019A /* CutEditPopover.swift in Sources */,
				35F7D6935D14E33ABD789EDD /* DefaultHandlerService.swift in Sources */,
				34270CA31C807F9841EFC29E /* DefaultHandlerSettings.swift in Sources */,
				3FFB8DA31FFC3C240A53D6D1 /* DragDrop.swift in Sources */,
				26D7B18E275AC774296AB41D /* DropBands.swift in Sources */,
				18767DA206F48AC7AF9871D6 /* DuplicateName.swift in Sources */,
				40105AB076F5D60700DF76A6 /* EditingSettings.swift in Sources */,
				F9E23EAF9362F20AFEA3F60C /* EmptyStateView.swift in Sources */,
				48B25EAB69119EB4AAD5F97D /* FavoritePatternStore.swift in Sources */,
				CED473E7F9C60738F908949C /* FavoritePatternsSettingsViewController.swift in Sources */,
				7CA6A1571B1EAEA403A90E64 /* FileChangeWatcher.swift in Sources */,
				1D6126CAD02A6E4CFC35857B /* FilePaneView.swift in Sources */,
				A39AAEFD2732917C07D1CAA8 /* FileTypesSettingsViewController.swift in Sources */,
				FE3B1C3A549CC6EF8593D7B2 /* FindBarView.swift in Sources */,
				9F8D86FCAE83236637E3800E /* FindCount.swift in Sources */,
				C4A58AED27C72248C6DFA8A6 /* GoToBookmarksForm.swift in Sources */,
				49448EEC722D30DD3302FC78 /* HexColumnHeaderView.swift in Sources */,
				17C194C27EC40F1747E8BBD2 /* HexLayout.swift in Sources */,
				254CEA29F5E6878510CC1607 /* HexView.swift in Sources */,
				05CA10AF22006A021AE36915 /* LayoutSettingsViewController.swift in Sources */,
				FEE1FFD427797B3D30609AF6 /* MainMenu.swift in Sources */,
				7E2B9A1441479728B4C5FBB8 /* MainViewController.swift in Sources */,
				D4F87C8F4B4B60A775938AAD /* MainWindowController.swift in Sources */,
				4481F1BCC0C9CC62CC3F3803 /* MinimapPanelView.swift in Sources */,
				5430C6B077BB89C903F7E88D /* MinimapView.swift in Sources */,
				59E0D22FE0A37D8D4AEA1C73 /* NamePatternSheetController.swift in Sources */,
				EDFF830F0960DCCB468F8759 /* OpenDocumentRegistry.swift in Sources */,
				ED6BC9834F9C17891CB9D0DA /* OpenPlacement.swift in Sources */,
				1FF70EC766940BDC3945DFB0 /* OperationStatusView.swift in Sources */,
				C89EE9B60FD396E4F751BF52 /* OverviewBinning.swift in Sources */,
				2EBDBC361E8F0BE1C491ADB2 /* PaneHeaderView.swift in Sources */,
				F843F99F1CD162C1052B9296 /* PaneName.swift in Sources */,
				6DFCCB0D49331C4934B8E052 /* PaneViewModel.swift in Sources */,
				D414E9007BEB0E0168E8A353 /* SandboxBookmarkStore.swift in Sources */,
				D056BCD1DBF02C4C780F066A /* SearchEncodingNaming.swift in Sources */,
				2C3FC21EA03265B5F2940C68 /* SearchPatternEntry.swift in Sources */,
				E4692B5AEE54A90DC803A8F7 /* SearchResultCellView.swift in Sources */,
				70544A516665A20BFE5B9FEB /* SearchResultsViewController.swift in Sources */,
				5BA1FF551136ACF06BBA9FAC /* SegmentStore.swift in Sources */,
				446BD8F0767480C99D14E071 /* SegmentsForm.swift in Sources */,
				AE80A9C03D6154A76A6127C4 /* SettingsWindowController.swift in Sources */,
				730751139DB03ADF35361D1A /* SheetControllers.swift in Sources */,
				A3235C9EAB560701F73A795B /* SingleFileDropView.swift in Sources */,
				2DE0C5BC8895EF32E74C47F4 /* TextDecodingSettingsViewController.swift in Sources */,
				13A9475A9D37F3FF91F40CF4 /* TransientNoticeView.swift in Sources */,
				00FFB0CD64FE15AC30E71D05 /* WindowMode.swift in Sources */,
				DC7EC082777CF7198173616B /* WindowViewModel.swift in Sources */,
				4C171BD4D5B8823922C10D9B /* WordSize.swift in Sources */,
			);
			runOnlyForDeploymentPostprocessing = 0;
		};
		9F02619B59704A97DCAD99E1 /* Sources */ = {
			isa = PBXSourcesBuildPhase;
			buildActionMask = 2147483647;
			files = (
				FC15B3B76A3DB244F7A1BBEE /* ActivePaneTests.swift in Sources */,
				92D3A369AF2203BFEDB0F53B /* AppIconTests.swift in Sources */,
				462EC15CC3A34E24064E2695 /* AppThemeTests.swift in Sources */,
				365B149E4F000196764D270A /* AppearanceSettingsTests.swift in Sources */,
				9B46E04553F9075CA7D900AB /* AutoscrollSelectionTests.swift in Sources */,
				3B9BD754FFA836A32CE9F22E /* BackgroundOperationTests.swift in Sources */,
				0DA70D73C388C2AB0A1EF933 /* BookmarkDragTests.swift in Sources */,
				F22E5BE6C522ABA4E1AB95C7 /* BookmarkMinimapTests.swift in Sources */,
				E781F5B8F2C84F310915EF88 /* BookmarkTests.swift in Sources */,
				C268E54A71DBE773D3595CDF /* ByteSignificanceTests.swift in Sources */,
				FE72BF847B03FAA82DA321EE /* CaretPlacementTests.swift in Sources */,
				55EFF117DEDC3F5F7AB1D851 /* CloseFileTests.swift in Sources */,
				FD51EAC14BECCAC66D3AC19F /* ComparisonCoordinatorTests.swift in Sources */,
				ED2A6A04F4EE3CA0BD3B4160 /* ComparisonPaneTests.swift in Sources */,
				EE2CE9F01E1A980B7DB7B5FF /* ComparisonResizeTests.swift in Sources */,
				3CCD0EEC03B8649BED7B2BFE /* ComparisonSettingsTests.swift in Sources */,
				CC3AA1A373B7914E86D8C6F4 /* ContentRedrawTests.swift in Sources */,
				9211DD272B1097DC4D564F63 /* CutEditPopoverTests.swift in Sources */,
				F22634DB7ED7BAAC9A491020 /* DefaultHandlerSettingsTests.swift in Sources */,
				8DE3CD0120C0DC484E9BCD01 /* DiffNavigationTests.swift in Sources */,
				5C277503D272939847E4FF3A /* DividerDragTests.swift in Sources */,
				DFD60EF4AA86EE3BFB8CDA69 /* DropBandLayoutTests.swift in Sources */,
				9036D9A7A9C57DD767CCADED /* DropBandsTests.swift in Sources */,
				91CC6F94328ECADF1275AB7A /* DropSplitLayoutTests.swift in Sources */,
				F40FE9163519A4DF06A608DE /* DuplicateNameTests.swift in Sources */,
				0090A7327FD59E37D6B3A3EA /* DuplicateTests.swift in Sources */,
				D6ED287D2A8DB2A57583D655 /* EditingSettingsTests.swift in Sources */,
				B3890F0857CD8AEF44A6D6C0 /* EmptyStateBookmarksTests.swift in Sources */,
				B9E5CC69D6F9631BAB0D4B70 /* EmptyStateViewTests.swift in Sources */,
				25CFB73A08B4B3FF8C232AA7 /* FavoritePatternStoreTests.swift in Sources */,
				AA29FFC498585481C9E72955 /* FavoritePatternsSettingsTests.swift in Sources */,
				4DDAA235F5AFD6E9FF949A35 /* FileChangeWatcherTests.swift in Sources */,
				30C84E12BFAFFA951D4895F0 /* FileTypesSettingsTests.swift in Sources */,
				7D22FF44AB245B01B5640A87 /* FillSelectionTests.swift in Sources */,
				033A31455B0BAF973F63AB89 /* FindCountTests.swift in Sources */,
				1991CC9FBD3B15D421F31BF5 /* FindFlowTests.swift in Sources */,
				CAD875941BAEAB7A5330758E /* FindHighlightTests.swift in Sources */,
				AF854B24336BF9BAD4032D87 /* GoToBookmarksTests.swift in Sources */,
				AF01C87A6FBE7F66CB095636 /* HeaderFitWidthTests.swift in Sources */,
				7462B5E629767BD0EEA05A74 /* HexColumnHeaderTests.swift in Sources */,
				72FE060ED1406764B2E18350 /* HexLayoutTests.swift in Sources */,
				ADB267769407644D13CF23E7 /* HexPatternFormattingTests.swift in Sources */,
				726842FD40A84C81A0D57099 /* HexViewAppearanceTests.swift in Sources */,
				97EC3647D899452F8C410E27 /* JoinTests.swift in Sources */,
				B9FDF2B21B726B8F6403BA68 /* JoinUndoTests.swift in Sources */,
				659568963B3AF88F40BBA4EF /* KeyboardNavigationTests.swift in Sources */,
				24FDE8550B83BC61EAC8F3BB /* LayoutToggleTests.swift in Sources */,
				AB6BBC0D3B132DA57EC463B8 /* MainViewControllerTests.swift in Sources */,
				E277C195099E972758654BB6 /* MainWindowMenuTests.swift in Sources */,
				DAF5D3E696B50F5661DC7CC7 /* MinimapTests.swift in Sources */,
				52A2ADCE17608EDDA32FA083 /* MouseSelectionTests.swift in Sources */,
				967C784DAAAB49B42EA59769 /* MultiWindowTests.swift in Sources */,
				6DF5A824E7C999B28630FFDC /* NamePatternSheetTests.swift in Sources */,
				BBA569BD55CADEA84C29281E /* NewFileAndSwapTests.swift in Sources */,
				8875E52B10640DAD1F9FD800 /* OffsetColumnAddressTests.swift in Sources */,
				7108A4ABF852A054F1F5E641 /* OffsetContextMenuTests.swift in Sources */,
				9BACD1885C8A876AEBC95150 /* OpenPlacementTests.swift in Sources */,
				D91722289B75DE674E6FAA61 /* PaneDragTests.swift in Sources */,
				A87964BADD3A4153189BB25B /* PaneHeaderIconTests.swift in Sources */,
				E48043200E726B8423B101CD /* PaneViewModelTests.swift in Sources */,
				3D4497C958650F03D3B40CC7 /* PanelAppearanceTests.swift in Sources */,
				8DA7AB9B2EA1FA589B4FEE73 /* PatternMenuTests.swift in Sources */,
				F7E3476CA446ABC76182DF67 /* RenamePaneTests.swift in Sources */,
				4F51D02C82FA7D6D589A30BD /* ReparentPaneReproTests.swift in Sources */,
				241F7BB4AC89E98C8666A4B6 /* SandboxBookmarkStoreTests.swift in Sources */,
				9FF1FB1522CEBA883D7677A8 /* ScrollPreservationTests.swift in Sources */,
				710ECC65E66F697855FF6398 /* SegmentCommandsTests.swift in Sources */,
				BA09A682770E765EA63950E5 /* SegmentPaletteTests.swift in Sources */,
				E55431839CE346F9404CC049 /* SegmentReplaceTests.swift in Sources */,
				F0B6743D924339AA8EAED2A0 /* SegmentSaveTests.swift in Sources */,
				821693F5E7539F5B8A1EEE35 /* SegmentStoreTests.swift in Sources */,
				4841F7FC6C31CBD6FCD650EE /* SegmentTintRenderTests.swift in Sources */,
				A916C12ED1B40AEB140F6F79 /* SegmentsFormTests.swift in Sources */,
				666ED5D024C7EE6E759D1392 /* SelectBlockSheetTests.swift in Sources */,
				3B7237924700BD2DF3631C20 /* SelectionRedrawTests.swift in Sources */,
				5651D0DFE5F40E4C643045EA /* SettingsWindowSizeTests.swift in Sources */,
				91E76847BDB10C9F4F239666 /* SettingsWindowTests.swift in Sources */,
				F4D77F2C40ABF4D89F5B8CD8 /* SmartSearchFlowTests.swift in Sources */,
				7BA0CCC311A4505124260EFD /* TearOffTests.swift in Sources */,
				FC89C9381F04CF1A1E46F3DC /* TestSupport.swift in Sources */,
				B4812C24F46A9A662D650DC3 /* TextVerticalAlignmentTests.swift in Sources */,
				59F525D82A21BA453FA1001C /* TitleBarMenuTests.swift in Sources */,
				F2EA05CD73EFD077B98A8C99 /* ToolbarItemsTests.swift in Sources */,
				1D538ECD5ACD42E2BE53460B /* ToolbarValidationTests.swift in Sources */,
				D56ABFDA0674ADF2EA2D57A2 /* TypingModeIndicatorTests.swift in Sources */,
				636183CDE24C1ACAE7515A87 /* UntitledFileTests.swift in Sources */,
				37DBCC7F36BDD6C63337A138 /* WordSizeTests.swift in Sources */,
				6347640F90EE6FCB2E6FF01A /* ZoomToFitTests.swift in Sources */,
			);
			runOnlyForDeploymentPostprocessing = 0;
		};
/* End PBXSourcesBuildPhase section */

/* Begin PBXTargetDependency section */
		71CB252DAE692CFB6651CC42 /* PBXTargetDependency */ = {
			isa = PBXTargetDependency;
			target = 33581551AB885AE2F9E833F1 /* DumpCompare */;
			targetProxy = 63B3E0E88329BA9C902E7803 /* PBXContainerItemProxy */;
		};
/* End PBXTargetDependency section */

/* Begin XCBuildConfiguration section */
		1A68A392C2C29EAA8E05ABE6 /* Debug */ = {
			isa = XCBuildConfiguration;
			buildSettings = {
				BUNDLE_LOADER = "$(TEST_HOST)";
				CODE_SIGN_IDENTITY = "-";
				CODE_SIGN_STYLE = Manual;
				COMBINE_HIDPI_IMAGES = YES;
				GENERATE_INFOPLIST_FILE = YES;
				LD_RUNPATH_SEARCH_PATHS = (
					"$(inherited)",
					"@executable_path/../Frameworks",
					"@loader_path/../Frameworks",
				);
				MACOSX_DEPLOYMENT_TARGET = 14.0;
				PRODUCT_BUNDLE_IDENTIFIER = dev.maxik.DumpCompareTests;
				SDKROOT = macosx;
				SWIFT_VERSION = 5.9;
				TEST_HOST = "$(BUILT_PRODUCTS_DIR)/DumpCompare.app/Contents/MacOS/DumpCompare";
			};
			name = Debug;
		};
		43395B3F077115B0684440B8 /* Debug */ = {
			isa = XCBuildConfiguration;
			buildSettings = {
				ALWAYS_SEARCH_USER_PATHS = NO;
				CLANG_ANALYZER_NONNULL = YES;
				CLANG_ANALYZER_NUMBER_OBJECT_CONVERSION = YES_AGGRESSIVE;
				CLANG_CXX_LANGUAGE_STANDARD = "gnu++14";
				CLANG_CXX_LIBRARY = "libc++";
				CLANG_ENABLE_MODULES = YES;
				CLANG_ENABLE_OBJC_ARC = YES;
				CLANG_ENABLE_OBJC_WEAK = YES;
				CLANG_WARN_BLOCK_CAPTURE_AUTORELEASING = YES;
				CLANG_WARN_BOOL_CONVERSION = YES;
				CLANG_WARN_COMMA = YES;
				CLANG_WARN_CONSTANT_CONVERSION = YES;
				CLANG_WARN_DEPRECATED_OBJC_IMPLEMENTATIONS = YES;
				CLANG_WARN_DIRECT_OBJC_ISA_USAGE = YES_ERROR;
				CLANG_WARN_DOCUMENTATION_COMMENTS = YES;
				CLANG_WARN_EMPTY_BODY = YES;
				CLANG_WARN_ENUM_CONVERSION = YES;
				CLANG_WARN_INFINITE_RECURSION = YES;
				CLANG_WARN_INT_CONVERSION = YES;
				CLANG_WARN_NON_LITERAL_NULL_CONVERSION = YES;
				CLANG_WARN_OBJC_IMPLICIT_RETAIN_SELF = YES;
				CLANG_WARN_OBJC_LITERAL_CONVERSION = YES;
				CLANG_WARN_OBJC_ROOT_CLASS = YES_ERROR;
				CLANG_WARN_QUOTED_INCLUDE_IN_FRAMEWORK_HEADER = YES;
				CLANG_WARN_RANGE_LOOP_ANALYSIS = YES;
				CLANG_WARN_STRICT_PROTOTYPES = YES;
				CLANG_WARN_SUSPICIOUS_MOVE = YES;
				CLANG_WARN_UNGUARDED_AVAILABILITY = YES_AGGRESSIVE;
				CLANG_WARN_UNREACHABLE_CODE = YES;
				CLANG_WARN__DUPLICATE_METHOD_MATCH = YES;
				COPY_PHASE_STRIP = NO;
				DEBUG_INFORMATION_FORMAT = dwarf;
				ENABLE_STRICT_OBJC_MSGSEND = YES;
				ENABLE_TESTABILITY = YES;
				GCC_C_LANGUAGE_STANDARD = gnu11;
				GCC_DYNAMIC_NO_PIC = NO;
				GCC_NO_COMMON_BLOCKS = YES;
				GCC_OPTIMIZATION_LEVEL = 0;
				GCC_PREPROCESSOR_DEFINITIONS = (
					"$(inherited)",
					"DEBUG=1",
				);
				GCC_WARN_64_TO_32_BIT_CONVERSION = YES;
				GCC_WARN_ABOUT_RETURN_TYPE = YES_ERROR;
				GCC_WARN_UNDECLARED_SELECTOR = YES;
				GCC_WARN_UNINITIALIZED_AUTOS = YES_AGGRESSIVE;
				GCC_WARN_UNUSED_FUNCTION = YES;
				GCC_WARN_UNUSED_VARIABLE = YES;
				MACOSX_DEPLOYMENT_TARGET = 14.0;
				MTL_ENABLE_DEBUG_INFO = INCLUDE_SOURCE;
				MTL_FAST_MATH = YES;
				ONLY_ACTIVE_ARCH = YES;
				PRODUCT_NAME = "$(TARGET_NAME)";
				SDKROOT = macosx;
				SWIFT_ACTIVE_COMPILATION_CONDITIONS = DEBUG;
				SWIFT_OPTIMIZATION_LEVEL = "-Onone";
				SWIFT_VERSION = 5.0;
			};
			name = Debug;
		};
		4E54A7F1CEB46A0D7A42080F /* Debug */ = {
			isa = XCBuildConfiguration;
			buildSettings = {
				ASSETCATALOG_COMPILER_APPICON_NAME = AppIcon;
				CODE_SIGN_ENTITLEMENTS = DumpCompareApp/DumpCompare.entitlements;
				CODE_SIGN_IDENTITY = "-";
				CODE_SIGN_STYLE = Manual;
				COMBINE_HIDPI_IMAGES = YES;
				CURRENT_PROJECT_VERSION = 10;
				INFOPLIST_FILE = DumpCompareApp/Info.plist;
				LD_RUNPATH_SEARCH_PATHS = (
					"$(inherited)",
					"@executable_path/../Frameworks",
				);
				MACOSX_DEPLOYMENT_TARGET = 14.0;
				MARKETING_VERSION = 0.7;
				PRODUCT_BUNDLE_IDENTIFIER = dev.maxik.DumpCompare;
				PRODUCT_NAME = DumpCompare;
				SDKROOT = macosx;
				SWIFT_VERSION = 5.9;
			};
			name = Debug;
		};
		ADEF03975B405839AECD2486 /* Release */ = {
			isa = XCBuildConfiguration;
			buildSettings = {
				BUNDLE_LOADER = "$(TEST_HOST)";
				CODE_SIGN_IDENTITY = "-";
				CODE_SIGN_STYLE = Manual;
				COMBINE_HIDPI_IMAGES = YES;
				GENERATE_INFOPLIST_FILE = YES;
				LD_RUNPATH_SEARCH_PATHS = (
					"$(inherited)",
					"@executable_path/../Frameworks",
					"@loader_path/../Frameworks",
				);
				MACOSX_DEPLOYMENT_TARGET = 14.0;
				PRODUCT_BUNDLE_IDENTIFIER = dev.maxik.DumpCompareTests;
				SDKROOT = macosx;
				SWIFT_VERSION = 5.9;
				TEST_HOST = "$(BUILT_PRODUCTS_DIR)/DumpCompare.app/Contents/MacOS/DumpCompare";
			};
			name = Release;
		};
		C93097C9056B87DBC2B49A4F /* Release */ = {
			isa = XCBuildConfiguration;
			buildSettings = {
				ASSETCATALOG_COMPILER_APPICON_NAME = AppIcon;
				CODE_SIGN_ENTITLEMENTS = DumpCompareApp/DumpCompare.entitlements;
				CODE_SIGN_IDENTITY = "-";
				CODE_SIGN_STYLE = Manual;
				COMBINE_HIDPI_IMAGES = YES;
				CURRENT_PROJECT_VERSION = 10;
				INFOPLIST_FILE = DumpCompareApp/Info.plist;
				LD_RUNPATH_SEARCH_PATHS = (
					"$(inherited)",
					"@executable_path/../Frameworks",
				);
				MACOSX_DEPLOYMENT_TARGET = 14.0;
				MARKETING_VERSION = 0.7;
				PRODUCT_BUNDLE_IDENTIFIER = dev.maxik.DumpCompare;
				PRODUCT_NAME = DumpCompare;
				SDKROOT = macosx;
				SWIFT_VERSION = 5.9;
			};
			name = Release;
		};
		CF9F1A67DCA9E23862086260 /* Release */ = {
			isa = XCBuildConfiguration;
			buildSettings = {
				ALWAYS_SEARCH_USER_PATHS = NO;
				CLANG_ANALYZER_NONNULL = YES;
				CLANG_ANALYZER_NUMBER_OBJECT_CONVERSION = YES_AGGRESSIVE;
				CLANG_CXX_LANGUAGE_STANDARD = "gnu++14";
				CLANG_CXX_LIBRARY = "libc++";
				CLANG_ENABLE_MODULES = YES;
				CLANG_ENABLE_OBJC_ARC = YES;
				CLANG_ENABLE_OBJC_WEAK = YES;
				CLANG_WARN_BLOCK_CAPTURE_AUTORELEASING = YES;
				CLANG_WARN_BOOL_CONVERSION = YES;
				CLANG_WARN_COMMA = YES;
				CLANG_WARN_CONSTANT_CONVERSION = YES;
				CLANG_WARN_DEPRECATED_OBJC_IMPLEMENTATIONS = YES;
				CLANG_WARN_DIRECT_OBJC_ISA_USAGE = YES_ERROR;
				CLANG_WARN_DOCUMENTATION_COMMENTS = YES;
				CLANG_WARN_EMPTY_BODY = YES;
				CLANG_WARN_ENUM_CONVERSION = YES;
				CLANG_WARN_INFINITE_RECURSION = YES;
				CLANG_WARN_INT_CONVERSION = YES;
				CLANG_WARN_NON_LITERAL_NULL_CONVERSION = YES;
				CLANG_WARN_OBJC_IMPLICIT_RETAIN_SELF = YES;
				CLANG_WARN_OBJC_LITERAL_CONVERSION = YES;
				CLANG_WARN_OBJC_ROOT_CLASS = YES_ERROR;
				CLANG_WARN_QUOTED_INCLUDE_IN_FRAMEWORK_HEADER = YES;
				CLANG_WARN_RANGE_LOOP_ANALYSIS = YES;
				CLANG_WARN_STRICT_PROTOTYPES = YES;
				CLANG_WARN_SUSPICIOUS_MOVE = YES;
				CLANG_WARN_UNGUARDED_AVAILABILITY = YES_AGGRESSIVE;
				CLANG_WARN_UNREACHABLE_CODE = YES;
				CLANG_WARN__DUPLICATE_METHOD_MATCH = YES;
				COPY_PHASE_STRIP = NO;
				DEBUG_INFORMATION_FORMAT = "dwarf-with-dsym";
				ENABLE_NS_ASSERTIONS = NO;
				ENABLE_STRICT_OBJC_MSGSEND = YES;
				GCC_C_LANGUAGE_STANDARD = gnu11;
				GCC_NO_COMMON_BLOCKS = YES;
				GCC_WARN_64_TO_32_BIT_CONVERSION = YES;
				GCC_WARN_ABOUT_RETURN_TYPE = YES_ERROR;
				GCC_WARN_UNDECLARED_SELECTOR = YES;
				GCC_WARN_UNINITIALIZED_AUTOS = YES_AGGRESSIVE;
				GCC_WARN_UNUSED_FUNCTION = YES;
				GCC_WARN_UNUSED_VARIABLE = YES;
				MACOSX_DEPLOYMENT_TARGET = 14.0;
				MTL_ENABLE_DEBUG_INFO = NO;
				MTL_FAST_MATH = YES;
				PRODUCT_NAME = "$(TARGET_NAME)";
				SDKROOT = macosx;
				SWIFT_COMPILATION_MODE = wholemodule;
				SWIFT_OPTIMIZATION_LEVEL = "-O";
				SWIFT_VERSION = 5.0;
			};
			name = Release;
		};
/* End XCBuildConfiguration section */

/* Begin XCConfigurationList section */
		052E4922F9C936E33CBF2980 /* Build configuration list for PBXProject "DumpCompare" */ = {
			isa = XCConfigurationList;
			buildConfigurations = (
				43395B3F077115B0684440B8 /* Debug */,
				CF9F1A67DCA9E23862086260 /* Release */,
			);
			defaultConfigurationIsVisible = 0;
			defaultConfigurationName = Debug;
		};
		5E17292E46DDDC98E00748BC /* Build configuration list for PBXNativeTarget "DumpCompareTests" */ = {
			isa = XCConfigurationList;
			buildConfigurations = (
				1A68A392C2C29EAA8E05ABE6 /* Debug */,
				ADEF03975B405839AECD2486 /* Release */,
			);
			defaultConfigurationIsVisible = 0;
			defaultConfigurationName = Debug;
		};
		BC5DE31D208F3551000476A8 /* Build configuration list for PBXNativeTarget "DumpCompare" */ = {
			isa = XCConfigurationList;
			buildConfigurations = (
				4E54A7F1CEB46A0D7A42080F /* Debug */,
				C93097C9056B87DBC2B49A4F /* Release */,
			);
			defaultConfigurationIsVisible = 0;
			defaultConfigurationName = Debug;
		};
/* End XCConfigurationList section */

/* Begin XCLocalSwiftPackageReference section */
		696247C09F4DE1AD4EAC99C7 /* XCLocalSwiftPackageReference "ALSplitView" */ = {
			isa = XCLocalSwiftPackageReference;
			relativePath = ALSplitView;
		};
		CD3633FA649BEFC181FDDDBA /* XCLocalSwiftPackageReference "DumpCompareCore" */ = {
			isa = XCLocalSwiftPackageReference;
			relativePath = DumpCompareCore;
		};
/* End XCLocalSwiftPackageReference section */

/* Begin XCSwiftPackageProductDependency section */
		ABC9FED3EFF91E300892FE20 /* DumpCompareCore */ = {
			isa = XCSwiftPackageProductDependency;
			productName = DumpCompareCore;
		};
		AD6E71504179520D86EC624C /* ALSplitView */ = {
			isa = XCSwiftPackageProductDependency;
			productName = ALSplitView;
		};
		C174CDEFBF0B58EB25FA7B9F /* ALSplitView */ = {
			isa = XCSwiftPackageProductDependency;
			productName = ALSplitView;
		};
		DD998B4928A6EFDFADE20701 /* DumpCompareCore */ = {
			isa = XCSwiftPackageProductDependency;
			productName = DumpCompareCore;
		};
/* End XCSwiftPackageProductDependency section */
	};
	rootObject = 7A82BB8246188B3B74950BBC /* Project object */;
}
