// !$*UTF8*$!
{
	archiveVersion = 1;
	classes = {
	};
	objectVersion = 77;
	objects = {

/* Begin PBXBuildFile section */
		046DB0B0F51FAD7F7428CFEB /* OpenPlacement.swift in Sources */ = {isa = PBXBuildFile; fileRef = 569D15C9837FF35B5622867D /* OpenPlacement.swift */; };
		09B3261690D10020E29732D6 /* ComparisonCoordinator.swift in Sources */ = {isa = PBXBuildFile; fileRef = 378C3560FF1F826E450CB91D /* ComparisonCoordinator.swift */; };
		0FA4395104B7881F63176151 /* DumpCompareCore in Frameworks */ = {isa = PBXBuildFile; productRef = ABC9FED3EFF91E300892FE20 /* DumpCompareCore */; };
		1264B4E5C0FDBDADC48A4F4F /* WordSize.swift in Sources */ = {isa = PBXBuildFile; fileRef = F89CB4F9C9E2803C941A2288 /* WordSize.swift */; };
		1991CC9FBD3B15D421F31BF5 /* FindFlowTests.swift in Sources */ = {isa = PBXBuildFile; fileRef = 3CEC5406939AEF4D7D0DCDBE /* FindFlowTests.swift */; };
		1F891EE0D25A946BB63C2AEC /* HexView.swift in Sources */ = {isa = PBXBuildFile; fileRef = 95D1B66993C6EA8CDEE1ADD7 /* HexView.swift */; };
		230C0980A700727CC7796F8B /* AppMain.swift in Sources */ = {isa = PBXBuildFile; fileRef = FB33DB1270B0F3AD9A668F5C /* AppMain.swift */; };
		24FDE8550B83BC61EAC8F3BB /* LayoutToggleTests.swift in Sources */ = {isa = PBXBuildFile; fileRef = 39D2A05C7DA0DE400C947364 /* LayoutToggleTests.swift */; };
		26D5FD5ACF1831847A92FF79 /* FindBarView.swift in Sources */ = {isa = PBXBuildFile; fileRef = 9CFFEE3A09573CD5106182E9 /* FindBarView.swift */; };
		A3F96B27C4D1E5087294A6B1 /* SearchResultsView.swift in Sources */ = {isa = PBXBuildFile; fileRef = C9B7D2E4F1A608375942BC3D /* SearchResultsView.swift */; };
		D1E2F3A4B5C6D7E8F9012345 /* SearchResultsSplitView.swift in Sources */ = {isa = PBXBuildFile; fileRef = E7F2A0B1C3D4E5F60718293A /* SearchResultsSplitView.swift */; };
		2F76C0D1447064BB9D6C9B52 /* AppDelegate.swift in Sources */ = {isa = PBXBuildFile; fileRef = 407514C243C2AD42122D02CD /* AppDelegate.swift */; };
		340D0228EEA81EE50A1315ED /* WindowViewModel.swift in Sources */ = {isa = PBXBuildFile; fileRef = ED2076217EBD1ED10294D11A /* WindowViewModel.swift */; };
		34FC31F15593574D21ECD0D6 /* HexLayout.swift in Sources */ = {isa = PBXBuildFile; fileRef = 74D6E16E0CD10A2BA3DA5447 /* HexLayout.swift */; };
		365B149E4F000196764D270A /* AppearanceSettingsTests.swift in Sources */ = {isa = PBXBuildFile; fileRef = 7EE089502718BD19C06E4207 /* AppearanceSettingsTests.swift */; };
		37DBCC7F36BDD6C63337A138 /* WordSizeTests.swift in Sources */ = {isa = PBXBuildFile; fileRef = B9A7DE8E7791AA34BDA2EAB1 /* WordSizeTests.swift */; };
		3B4F8F01DAD4F7BE904898CF /* EmptyStateView.swift in Sources */ = {isa = PBXBuildFile; fileRef = 90019A1C55E04846EB502E49 /* EmptyStateView.swift */; };
		3B9BD754FFA836A32CE9F22E /* BackgroundOperationTests.swift in Sources */ = {isa = PBXBuildFile; fileRef = 48988F1CB9A04763A973A6DD /* BackgroundOperationTests.swift */; };
		4DDAA235F5AFD6E9FF949A35 /* FileChangeWatcherTests.swift in Sources */ = {isa = PBXBuildFile; fileRef = 95A1ED616E5D1F9C56E212FA /* FileChangeWatcherTests.swift */; };
		52A2ADCE17608EDDA32FA083 /* MouseSelectionTests.swift in Sources */ = {isa = PBXBuildFile; fileRef = FCD886DB1AFE9BF9F1C08F95 /* MouseSelectionTests.swift */; };
		1A2B3C4D5E6F708192A3B4C5 /* SelectionRedrawTests.swift in Sources */ = {isa = PBXBuildFile; fileRef = 2C3D4E5F60718293A4B5C6D7 /* SelectionRedrawTests.swift */; };
		D0C1B2A39485766778899AAB /* ContentRedrawTests.swift in Sources */ = {isa = PBXBuildFile; fileRef = F1E2D3C4B5A6978877665544 /* ContentRedrawTests.swift */; };
		C9D0E1F2A3B4C5D6E7F8091A /* MainViewControllerTests.swift in Sources */ = {isa = PBXBuildFile; fileRef = D0E1F2A3B4C5D6E7F8091A2B /* MainViewControllerTests.swift */; };
		E1F2A3B4C5D6E7F8091A2B3C /* PanelAppearanceTests.swift in Sources */ = {isa = PBXBuildFile; fileRef = F2A3B4C5D6E7F8091A2B3C4D /* PanelAppearanceTests.swift */; };
		55EFF117DEDC3F5F7AB1D851 /* CloseFileTests.swift in Sources */ = {isa = PBXBuildFile; fileRef = 35619EB218B8A77217CF90D9 /* CloseFileTests.swift */; };
		59F525D82A21BA453FA1001C /* TitleBarMenuTests.swift in Sources */ = {isa = PBXBuildFile; fileRef = C6B628E64567341A9AB617D6 /* TitleBarMenuTests.swift */; };
		5B3F5E75CD647B8FBC63F2B0 /* FileChangeWatcher.swift in Sources */ = {isa = PBXBuildFile; fileRef = 443E56A308DC1D5D8E806F72 /* FileChangeWatcher.swift */; };
		5C277503D272939847E4FF3A /* DividerDragTests.swift in Sources */ = {isa = PBXBuildFile; fileRef = 5A61B0AA7755933DD1B3D4F8 /* DividerDragTests.swift */; };
		60337FD7B95B8887CE53DBBE /* DumpCompareCore in Frameworks */ = {isa = PBXBuildFile; productRef = DD998B4928A6EFDFADE20701 /* DumpCompareCore */; };
		625490B568C7A868881A203F /* ProportionalSplitView.swift in Sources */ = {isa = PBXBuildFile; fileRef = E15C35C761C86E6D393816E5 /* ProportionalSplitView.swift */; };
		6347640F90EE6FCB2E6FF01A /* ZoomToFitTests.swift in Sources */ = {isa = PBXBuildFile; fileRef = 9FB49BC2E9C7922B6194C285 /* ZoomToFitTests.swift */; };
		636183CDE24C1ACAE7515A87 /* UntitledFileTests.swift in Sources */ = {isa = PBXBuildFile; fileRef = 16A8C6524AA2950540398C91 /* UntitledFileTests.swift */; };
		666ED5D024C7EE6E759D1392 /* SelectBlockSheetTests.swift in Sources */ = {isa = PBXBuildFile; fileRef = 467E6E8B85C387891E7A7C56 /* SelectBlockSheetTests.swift */; };
		6C4A2D07C512800E3647C334 /* SandboxBookmarkStore.swift in Sources */ = {isa = PBXBuildFile; fileRef = 4EF3302417C4C7338004CE67 /* SandboxBookmarkStore.swift */; };
		7108A4ABF852A054F1F5E641 /* OffsetContextMenuTests.swift in Sources */ = {isa = PBXBuildFile; fileRef = 209E4194094A04377AA5F50F /* OffsetContextMenuTests.swift */; };
		726842FD40A84C81A0D57099 /* HexViewAppearanceTests.swift in Sources */ = {isa = PBXBuildFile; fileRef = 02B9500D140BE09B6006859B /* HexViewAppearanceTests.swift */; };
		72FE060ED1406764B2E18350 /* HexLayoutTests.swift in Sources */ = {isa = PBXBuildFile; fileRef = C8F0ABAC4DEEBAE7DD9A62BB /* HexLayoutTests.swift */; };
		7462B5E629767BD0EEA05A74 /* HexColumnHeaderTests.swift in Sources */ = {isa = PBXBuildFile; fileRef = 7B554959FC1439079D92C91E /* HexColumnHeaderTests.swift */; };
		7868ABBF947C029B69867CA0 /* PaneViewModel.swift in Sources */ = {isa = PBXBuildFile; fileRef = 6818FEF833F78019596D65BB /* PaneViewModel.swift */; };
		7D22FF44AB245B01B5640A87 /* FillSelectionTests.swift in Sources */ = {isa = PBXBuildFile; fileRef = 5A2833E2E2F58FCECF7731BB /* FillSelectionTests.swift */; };
		84F0705E874653F3E5EE8B15 /* MainWindowController.swift in Sources */ = {isa = PBXBuildFile; fileRef = 956C3B15B666232F79A544C1 /* MainWindowController.swift */; };
		8DE3CD0120C0DC484E9BCD01 /* DiffNavigationTests.swift in Sources */ = {isa = PBXBuildFile; fileRef = 67E844808C0246D0B622523D /* DiffNavigationTests.swift */; };
		9798C9A69A858500B7AD3915 /* WindowMode.swift in Sources */ = {isa = PBXBuildFile; fileRef = 0474573D1975ED1FEC349E67 /* WindowMode.swift */; };
		9B46E04553F9075CA7D900AB /* AutoscrollSelectionTests.swift in Sources */ = {isa = PBXBuildFile; fileRef = A7139D54D91271EEF21E25A0 /* AutoscrollSelectionTests.swift */; };
		9BACD1885C8A876AEBC95150 /* OpenPlacementTests.swift in Sources */ = {isa = PBXBuildFile; fileRef = 7CC40FA3295CB53000898E26 /* OpenPlacementTests.swift */; };
		A348D8CAA3CA2AD99A222B21 /* BackgroundOperation.swift in Sources */ = {isa = PBXBuildFile; fileRef = 9363D4D72C799796A209C938 /* BackgroundOperation.swift */; };
		A50B556671000ED5800F6FC0 /* MainViewController.swift in Sources */ = {isa = PBXBuildFile; fileRef = 2751D9902BBBD4771AFB0FD5 /* MainViewController.swift */; };
		A87964BADD3A4153189BB25B /* PaneHeaderIconTests.swift in Sources */ = {isa = PBXBuildFile; fileRef = F2C7301D0193A3E8079F472C /* PaneHeaderIconTests.swift */; };
		AF01C87A6FBE7F66CB095636 /* HeaderFitWidthTests.swift in Sources */ = {isa = PBXBuildFile; fileRef = 20D9603C698CA61F9D4A641B /* HeaderFitWidthTests.swift */; };
		AF59EBD1B601A04F936643D0 /* DragDrop.swift in Sources */ = {isa = PBXBuildFile; fileRef = 0B8427CB107B2BDD59342ACC /* DragDrop.swift */; };
		B36799FD3AFF3F46DEB6E7B1 /* AppearanceSettings.swift in Sources */ = {isa = PBXBuildFile; fileRef = C93800C61BCBEC68735E074A /* AppearanceSettings.swift */; };
		B4812C24F46A9A662D650DC3 /* TextVerticalAlignmentTests.swift in Sources */ = {isa = PBXBuildFile; fileRef = E9BBBA06BD7728DB1217E802 /* TextVerticalAlignmentTests.swift */; };
		B850A1E58666F6DAA621C071 /* ComparisonView.swift in Sources */ = {isa = PBXBuildFile; fileRef = 0F74A1CF742DE4185F34E53D /* ComparisonView.swift */; };
		B9E5CC69D6F9631BAB0D4B70 /* EmptyStateViewTests.swift in Sources */ = {isa = PBXBuildFile; fileRef = D2B3A4DD743DCCA1D634B456 /* EmptyStateViewTests.swift */; };
		BBA569BD55CADEA84C29281E /* NewFileAndSwapTests.swift in Sources */ = {isa = PBXBuildFile; fileRef = D56C7E4027097952395DD0AF /* NewFileAndSwapTests.swift */; };
		BF5D32DED859E97ED617A9C0 /* TextDecodingSettingsViewController.swift in Sources */ = {isa = PBXBuildFile; fileRef = 212A4A8B0EA478EDDEB03EA5 /* TextDecodingSettingsViewController.swift */; };
		C268E54A71DBE773D3595CDF /* ByteSignificanceTests.swift in Sources */ = {isa = PBXBuildFile; fileRef = 9B0D5CB24B4DFBC1B37F3F42 /* ByteSignificanceTests.swift */; };
		C35E1583998132707D8E1749 /* SettingsWindowController.swift in Sources */ = {isa = PBXBuildFile; fileRef = BE9F686DC291219019034AF9 /* SettingsWindowController.swift */; };
		C469DA232E32792EBE3B5607 /* SingleFileDropView.swift in Sources */ = {isa = PBXBuildFile; fileRef = 843BDADF6DC010ED5707D0F2 /* SingleFileDropView.swift */; };
		E277C195099E972758654BB6 /* MainWindowMenuTests.swift in Sources */ = {isa = PBXBuildFile; fileRef = D4F1945C5B2DF090953B5150 /* MainWindowMenuTests.swift */; };
		E48043200E726B8423B101CD /* PaneViewModelTests.swift in Sources */ = {isa = PBXBuildFile; fileRef = 7FC713959D9654C564AB34E0 /* PaneViewModelTests.swift */; };
		E4B2D90C3A49F9CAA976DCEF /* SheetControllers.swift in Sources */ = {isa = PBXBuildFile; fileRef = 4B1D587B9291F026D4B00A15 /* SheetControllers.swift */; };
		ED2A6A04F4EE3CA0BD3B4160 /* ComparisonPaneTests.swift in Sources */ = {isa = PBXBuildFile; fileRef = 2581320A3453C01FF111B29B /* ComparisonPaneTests.swift */; };
		EDF1898E3C6FDD20D11A403D /* FilePaneView.swift in Sources */ = {isa = PBXBuildFile; fileRef = 657A55ADBC423B0B280972F3 /* FilePaneView.swift */; };
		EE2CE9F01E1A980B7DB7B5FF /* ComparisonResizeTests.swift in Sources */ = {isa = PBXBuildFile; fileRef = 2B6700D9C2E00D1370AB090A /* ComparisonResizeTests.swift */; };
		FC15B3B76A3DB244F7A1BBEE /* ActivePaneTests.swift in Sources */ = {isa = PBXBuildFile; fileRef = F0947EB3C44A8B0879C9B66A /* ActivePaneTests.swift */; };
		FD51EAC14BECCAC66D3AC19F /* ComparisonCoordinatorTests.swift in Sources */ = {isa = PBXBuildFile; fileRef = 7338140948096ABDADE950FE /* ComparisonCoordinatorTests.swift */; };
		FE72BF847B03FAA82DA321EE /* CaretPlacementTests.swift in Sources */ = {isa = PBXBuildFile; fileRef = 70B7EBE980B4A83830DD34D6 /* CaretPlacementTests.swift */; };
		6A7B8C9D0E1F2A3B4C5D6E7F /* LayoutSettingsViewController.swift in Sources */ = {isa = PBXBuildFile; fileRef = 1B2C3D4E5F60718293A4B5C6 /* LayoutSettingsViewController.swift */; };
		4E5F60718293A4B5C6D7E8F9 /* Assets.xcassets in Resources */ = {isa = PBXBuildFile; fileRef = 3D4E5F60718293A4B5C6D7E8 /* Assets.xcassets */; };
/* End PBXBuildFile section */

/* Begin PBXContainerItemProxy section */
		63B3E0E88329BA9C902E7803 /* PBXContainerItemProxy */ = {
			isa = PBXContainerItemProxy;
			containerPortal = 7A82BB8246188B3B74950BBC /* Project object */;
			proxyType = 1;
			remoteGlobalIDString = 33581551AB885AE2F9E833F1;
			remoteInfo = DumpCompare;
		};
/* End PBXContainerItemProxy section */

/* Begin PBXFileReference section */
		02B9500D140BE09B6006859B /* HexViewAppearanceTests.swift */ = {isa = PBXFileReference; lastKnownFileType = sourcecode.swift; path = HexViewAppearanceTests.swift; sourceTree = "<group>"; };
		0474573D1975ED1FEC349E67 /* WindowMode.swift */ = {isa = PBXFileReference; lastKnownFileType = sourcecode.swift; path = WindowMode.swift; sourceTree = "<group>"; };
		0B8427CB107B2BDD59342ACC /* DragDrop.swift */ = {isa = PBXFileReference; lastKnownFileType = sourcecode.swift; path = DragDrop.swift; sourceTree = "<group>"; };
		0F74A1CF742DE4185F34E53D /* ComparisonView.swift */ = {isa = PBXFileReference; lastKnownFileType = sourcecode.swift; path = ComparisonView.swift; sourceTree = "<group>"; };
		16A8C6524AA2950540398C91 /* UntitledFileTests.swift */ = {isa = PBXFileReference; lastKnownFileType = sourcecode.swift; path = UntitledFileTests.swift; sourceTree = "<group>"; };
		1D73B46350757B2E6D907D7F /* DumpCompare.entitlements */ = {isa = PBXFileReference; lastKnownFileType = text.plist.entitlements; path = DumpCompare.entitlements; sourceTree = "<group>"; };
		209E4194094A04377AA5F50F /* OffsetContextMenuTests.swift */ = {isa = PBXFileReference; lastKnownFileType = sourcecode.swift; path = OffsetContextMenuTests.swift; sourceTree = "<group>"; };
		20D9603C698CA61F9D4A641B /* HeaderFitWidthTests.swift */ = {isa = PBXFileReference; lastKnownFileType = sourcecode.swift; path = HeaderFitWidthTests.swift; sourceTree = "<group>"; };
		212A4A8B0EA478EDDEB03EA5 /* TextDecodingSettingsViewController.swift */ = {isa = PBXFileReference; lastKnownFileType = sourcecode.swift; path = TextDecodingSettingsViewController.swift; sourceTree = "<group>"; };
		2581320A3453C01FF111B29B /* ComparisonPaneTests.swift */ = {isa = PBXFileReference; lastKnownFileType = sourcecode.swift; path = ComparisonPaneTests.swift; sourceTree = "<group>"; };
		2751D9902BBBD4771AFB0FD5 /* MainViewController.swift */ = {isa = PBXFileReference; lastKnownFileType = sourcecode.swift; path = MainViewController.swift; sourceTree = "<group>"; };
		2B6700D9C2E00D1370AB090A /* ComparisonResizeTests.swift */ = {isa = PBXFileReference; lastKnownFileType = sourcecode.swift; path = ComparisonResizeTests.swift; sourceTree = "<group>"; };
		35619EB218B8A77217CF90D9 /* CloseFileTests.swift */ = {isa = PBXFileReference; lastKnownFileType = sourcecode.swift; path = CloseFileTests.swift; sourceTree = "<group>"; };
		378C3560FF1F826E450CB91D /* ComparisonCoordinator.swift */ = {isa = PBXFileReference; lastKnownFileType = sourcecode.swift; path = ComparisonCoordinator.swift; sourceTree = "<group>"; };
		39D2A05C7DA0DE400C947364 /* LayoutToggleTests.swift */ = {isa = PBXFileReference; lastKnownFileType = sourcecode.swift; path = LayoutToggleTests.swift; sourceTree = "<group>"; };
		3CEC5406939AEF4D7D0DCDBE /* FindFlowTests.swift */ = {isa = PBXFileReference; lastKnownFileType = sourcecode.swift; path = FindFlowTests.swift; sourceTree = "<group>"; };
		407514C243C2AD42122D02CD /* AppDelegate.swift */ = {isa = PBXFileReference; lastKnownFileType = sourcecode.swift; path = AppDelegate.swift; sourceTree = "<group>"; };
		443E56A308DC1D5D8E806F72 /* FileChangeWatcher.swift */ = {isa = PBXFileReference; lastKnownFileType = sourcecode.swift; path = FileChangeWatcher.swift; sourceTree = "<group>"; };
		467E6E8B85C387891E7A7C56 /* SelectBlockSheetTests.swift */ = {isa = PBXFileReference; lastKnownFileType = sourcecode.swift; path = SelectBlockSheetTests.swift; sourceTree = "<group>"; };
		48988F1CB9A04763A973A6DD /* BackgroundOperationTests.swift */ = {isa = PBXFileReference; lastKnownFileType = sourcecode.swift; path = BackgroundOperationTests.swift; sourceTree = "<group>"; };
		4B1D587B9291F026D4B00A15 /* SheetControllers.swift */ = {isa = PBXFileReference; lastKnownFileType = sourcecode.swift; path = SheetControllers.swift; sourceTree = "<group>"; };
		4EF3302417C4C7338004CE67 /* SandboxBookmarkStore.swift */ = {isa = PBXFileReference; lastKnownFileType = sourcecode.swift; path = SandboxBookmarkStore.swift; sourceTree = "<group>"; };
		569D15C9837FF35B5622867D /* OpenPlacement.swift */ = {isa = PBXFileReference; lastKnownFileType = sourcecode.swift; path = OpenPlacement.swift; sourceTree = "<group>"; };
		5A2833E2E2F58FCECF7731BB /* FillSelectionTests.swift */ = {isa = PBXFileReference; lastKnownFileType = sourcecode.swift; path = FillSelectionTests.swift; sourceTree = "<group>"; };
		5A61B0AA7755933DD1B3D4F8 /* DividerDragTests.swift */ = {isa = PBXFileReference; lastKnownFileType = sourcecode.swift; path = DividerDragTests.swift; sourceTree = "<group>"; };
		657A55ADBC423B0B280972F3 /* FilePaneView.swift */ = {isa = PBXFileReference; lastKnownFileType = sourcecode.swift; path = FilePaneView.swift; sourceTree = "<group>"; };
		67E844808C0246D0B622523D /* DiffNavigationTests.swift */ = {isa = PBXFileReference; lastKnownFileType = sourcecode.swift; path = DiffNavigationTests.swift; sourceTree = "<group>"; };
		6818FEF833F78019596D65BB /* PaneViewModel.swift */ = {isa = PBXFileReference; lastKnownFileType = sourcecode.swift; path = PaneViewModel.swift; sourceTree = "<group>"; };
		70B7EBE980B4A83830DD34D6 /* CaretPlacementTests.swift */ = {isa = PBXFileReference; lastKnownFileType = sourcecode.swift; path = CaretPlacementTests.swift; sourceTree = "<group>"; };
		7338140948096ABDADE950FE /* ComparisonCoordinatorTests.swift */ = {isa = PBXFileReference; lastKnownFileType = sourcecode.swift; path = ComparisonCoordinatorTests.swift; sourceTree = "<group>"; };
		74D6E16E0CD10A2BA3DA5447 /* HexLayout.swift */ = {isa = PBXFileReference; lastKnownFileType = sourcecode.swift; path = HexLayout.swift; sourceTree = "<group>"; };
		7B554959FC1439079D92C91E /* HexColumnHeaderTests.swift */ = {isa = PBXFileReference; lastKnownFileType = sourcecode.swift; path = HexColumnHeaderTests.swift; sourceTree = "<group>"; };
		7CC40FA3295CB53000898E26 /* OpenPlacementTests.swift */ = {isa = PBXFileReference; lastKnownFileType = sourcecode.swift; path = OpenPlacementTests.swift; sourceTree = "<group>"; };
		7EE089502718BD19C06E4207 /* AppearanceSettingsTests.swift */ = {isa = PBXFileReference; lastKnownFileType = sourcecode.swift; path = AppearanceSettingsTests.swift; sourceTree = "<group>"; };
		7FC713959D9654C564AB34E0 /* PaneViewModelTests.swift */ = {isa = PBXFileReference; lastKnownFileType = sourcecode.swift; path = PaneViewModelTests.swift; sourceTree = "<group>"; };
		82A34E0B2AAD3A720DCD4E59 /* DumpCompare.app */ = {isa = PBXFileReference; explicitFileType = wrapper.application; includeInIndex = 0; path = DumpCompare.app; sourceTree = BUILT_PRODUCTS_DIR; };
		843BDADF6DC010ED5707D0F2 /* SingleFileDropView.swift */ = {isa = PBXFileReference; lastKnownFileType = sourcecode.swift; path = SingleFileDropView.swift; sourceTree = "<group>"; };
		8CAF09895E331AB4FAD76F1B /* DumpCompareCore */ = {isa = PBXFileReference; lastKnownFileType = folder; name = DumpCompareCore; path = DumpCompareCore; sourceTree = SOURCE_ROOT; };
		90019A1C55E04846EB502E49 /* EmptyStateView.swift */ = {isa = PBXFileReference; lastKnownFileType = sourcecode.swift; path = EmptyStateView.swift; sourceTree = "<group>"; };
		9363D4D72C799796A209C938 /* BackgroundOperation.swift */ = {isa = PBXFileReference; lastKnownFileType = sourcecode.swift; path = BackgroundOperation.swift; sourceTree = "<group>"; };
		956C3B15B666232F79A544C1 /* MainWindowController.swift */ = {isa = PBXFileReference; lastKnownFileType = sourcecode.swift; path = MainWindowController.swift; sourceTree = "<group>"; };
		95A1ED616E5D1F9C56E212FA /* FileChangeWatcherTests.swift */ = {isa = PBXFileReference; lastKnownFileType = sourcecode.swift; path = FileChangeWatcherTests.swift; sourceTree = "<group>"; };
		95D1B66993C6EA8CDEE1ADD7 /* HexView.swift */ = {isa = PBXFileReference; lastKnownFileType = sourcecode.swift; path = HexView.swift; sourceTree = "<group>"; };
		9B0D5CB24B4DFBC1B37F3F42 /* ByteSignificanceTests.swift */ = {isa = PBXFileReference; lastKnownFileType = sourcecode.swift; path = ByteSignificanceTests.swift; sourceTree = "<group>"; };
		9CFFEE3A09573CD5106182E9 /* FindBarView.swift */ = {isa = PBXFileReference; lastKnownFileType = sourcecode.swift; path = FindBarView.swift; sourceTree = "<group>"; };
		C9B7D2E4F1A608375942BC3D /* SearchResultsView.swift */ = {isa = PBXFileReference; lastKnownFileType = sourcecode.swift; path = SearchResultsView.swift; sourceTree = "<group>"; };
		E7F2A0B1C3D4E5F60718293A /* SearchResultsSplitView.swift */ = {isa = PBXFileReference; lastKnownFileType = sourcecode.swift; path = SearchResultsSplitView.swift; sourceTree = "<group>"; };
		9FB49BC2E9C7922B6194C285 /* ZoomToFitTests.swift */ = {isa = PBXFileReference; lastKnownFileType = sourcecode.swift; path = ZoomToFitTests.swift; sourceTree = "<group>"; };
		A7139D54D91271EEF21E25A0 /* AutoscrollSelectionTests.swift */ = {isa = PBXFileReference; lastKnownFileType = sourcecode.swift; path = AutoscrollSelectionTests.swift; sourceTree = "<group>"; };
		B9A7DE8E7791AA34BDA2EAB1 /* WordSizeTests.swift */ = {isa = PBXFileReference; lastKnownFileType = sourcecode.swift; path = WordSizeTests.swift; sourceTree = "<group>"; };
		BE9F686DC291219019034AF9 /* SettingsWindowController.swift */ = {isa = PBXFileReference; lastKnownFileType = sourcecode.swift; path = SettingsWindowController.swift; sourceTree = "<group>"; };
		C6B628E64567341A9AB617D6 /* TitleBarMenuTests.swift */ = {isa = PBXFileReference; lastKnownFileType = sourcecode.swift; path = TitleBarMenuTests.swift; sourceTree = "<group>"; };
		C8F0ABAC4DEEBAE7DD9A62BB /* HexLayoutTests.swift */ = {isa = PBXFileReference; lastKnownFileType = sourcecode.swift; path = HexLayoutTests.swift; sourceTree = "<group>"; };
		C93800C61BCBEC68735E074A /* AppearanceSettings.swift */ = {isa = PBXFileReference; lastKnownFileType = sourcecode.swift; path = AppearanceSettings.swift; sourceTree = "<group>"; };
		D2B3A4DD743DCCA1D634B456 /* EmptyStateViewTests.swift */ = {isa = PBXFileReference; lastKnownFileType = sourcecode.swift; path = EmptyStateViewTests.swift; sourceTree = "<group>"; };
		D4F1945C5B2DF090953B5150 /* MainWindowMenuTests.swift */ = {isa = PBXFileReference; lastKnownFileType = sourcecode.swift; path = MainWindowMenuTests.swift; sourceTree = "<group>"; };
		D56C7E4027097952395DD0AF /* NewFileAndSwapTests.swift */ = {isa = PBXFileReference; lastKnownFileType = sourcecode.swift; path = NewFileAndSwapTests.swift; sourceTree = "<group>"; };
		E15C35C761C86E6D393816E5 /* ProportionalSplitView.swift */ = {isa = PBXFileReference; lastKnownFileType = sourcecode.swift; path = ProportionalSplitView.swift; sourceTree = "<group>"; };
		E9BBBA06BD7728DB1217E802 /* TextVerticalAlignmentTests.swift */ = {isa = PBXFileReference; lastKnownFileType = sourcecode.swift; path = TextVerticalAlignmentTests.swift; sourceTree = "<group>"; };
		ED2076217EBD1ED10294D11A /* WindowViewModel.swift */ = {isa = PBXFileReference; lastKnownFileType = sourcecode.swift; path = WindowViewModel.swift; sourceTree = "<group>"; };
		F0947EB3C44A8B0879C9B66A /* ActivePaneTests.swift */ = {isa = PBXFileReference; lastKnownFileType = sourcecode.swift; path = ActivePaneTests.swift; sourceTree = "<group>"; };
		F2C7301D0193A3E8079F472C /* PaneHeaderIconTests.swift */ = {isa = PBXFileReference; lastKnownFileType = sourcecode.swift; path = PaneHeaderIconTests.swift; sourceTree = "<group>"; };
		F4060AF0A96DD6E896717F3A /* DumpCompareTests.xctest */ = {isa = PBXFileReference; explicitFileType = wrapper.cfbundle; includeInIndex = 0; path = DumpCompareTests.xctest; sourceTree = BUILT_PRODUCTS_DIR; };
		F89CB4F9C9E2803C941A2288 /* WordSize.swift */ = {isa = PBXFileReference; lastKnownFileType = sourcecode.swift; path = WordSize.swift; sourceTree = "<group>"; };
		FB33DB1270B0F3AD9A668F5C /* AppMain.swift */ = {isa = PBXFileReference; lastKnownFileType = sourcecode.swift; path = AppMain.swift; sourceTree = "<group>"; };
		FCD886DB1AFE9BF9F1C08F95 /* MouseSelectionTests.swift */ = {isa = PBXFileReference; lastKnownFileType = sourcecode.swift; path = MouseSelectionTests.swift; sourceTree = "<group>"; };
		2C3D4E5F60718293A4B5C6D7 /* SelectionRedrawTests.swift */ = {isa = PBXFileReference; lastKnownFileType = sourcecode.swift; path = SelectionRedrawTests.swift; sourceTree = "<group>"; };
		F1E2D3C4B5A6978877665544 /* ContentRedrawTests.swift */ = {isa = PBXFileReference; lastKnownFileType = sourcecode.swift; path = ContentRedrawTests.swift; sourceTree = "<group>"; };
		D0E1F2A3B4C5D6E7F8091A2B /* MainViewControllerTests.swift */ = {isa = PBXFileReference; lastKnownFileType = sourcecode.swift; path = MainViewControllerTests.swift; sourceTree = "<group>"; };
		F2A3B4C5D6E7F8091A2B3C4D /* PanelAppearanceTests.swift */ = {isa = PBXFileReference; lastKnownFileType = sourcecode.swift; path = PanelAppearanceTests.swift; sourceTree = "<group>"; };
		1B2C3D4E5F60718293A4B5C6 /* LayoutSettingsViewController.swift */ = {isa = PBXFileReference; lastKnownFileType = sourcecode.swift; path = LayoutSettingsViewController.swift; sourceTree = "<group>"; };
		3D4E5F60718293A4B5C6D7E8 /* Assets.xcassets */ = {isa = PBXFileReference; lastKnownFileType = folder.assetcatalog; path = Assets.xcassets; sourceTree = "<group>"; };
/* End PBXFileReference section */

/* Begin PBXFrameworksBuildPhase section */
		AE7BFA594D90F0920140467F /* Frameworks */ = {
			isa = PBXFrameworksBuildPhase;
			buildActionMask = 2147483647;
			files = (
				0FA4395104B7881F63176151 /* DumpCompareCore in Frameworks */,
			);
			runOnlyForDeploymentPostprocessing = 0;
		};
		D81E08D7CBA312B9EAB238CA /* Frameworks */ = {
			isa = PBXFrameworksBuildPhase;
			buildActionMask = 2147483647;
			files = (
				60337FD7B95B8887CE53DBBE /* DumpCompareCore in Frameworks */,
			);
			runOnlyForDeploymentPostprocessing = 0;
		};
/* End PBXFrameworksBuildPhase section */

/* Begin PBXGroup section */
		1652E8A2629CEC2F2EBBB5D4 /* Packages */ = {
			isa = PBXGroup;
			children = (
				8CAF09895E331AB4FAD76F1B /* DumpCompareCore */,
			);
			name = Packages;
			sourceTree = "<group>";
		};
		394F7AA48F5637CDCDC7BBC3 = {
			isa = PBXGroup;
			children = (
				6F30AF8965E450B74DED1FEE /* DumpCompareApp */,
				B7F573457885834014D587D4 /* DumpCompareTests */,
				1652E8A2629CEC2F2EBBB5D4 /* Packages */,
				8652620F0ECE7008C810D42F /* Products */,
			);
			sourceTree = "<group>";
		};
		6F30AF8965E450B74DED1FEE /* DumpCompareApp */ = {
			isa = PBXGroup;
			children = (
				407514C243C2AD42122D02CD /* AppDelegate.swift */,
				C93800C61BCBEC68735E074A /* AppearanceSettings.swift */,
				FB33DB1270B0F3AD9A668F5C /* AppMain.swift */,
				3D4E5F60718293A4B5C6D7E8 /* Assets.xcassets */,
				9363D4D72C799796A209C938 /* BackgroundOperation.swift */,
				378C3560FF1F826E450CB91D /* ComparisonCoordinator.swift */,
				0F74A1CF742DE4185F34E53D /* ComparisonView.swift */,
				0B8427CB107B2BDD59342ACC /* DragDrop.swift */,
				1D73B46350757B2E6D907D7F /* DumpCompare.entitlements */,
				90019A1C55E04846EB502E49 /* EmptyStateView.swift */,
				443E56A308DC1D5D8E806F72 /* FileChangeWatcher.swift */,
				657A55ADBC423B0B280972F3 /* FilePaneView.swift */,
				9CFFEE3A09573CD5106182E9 /* FindBarView.swift */,
				C9B7D2E4F1A608375942BC3D /* SearchResultsView.swift */,
				E7F2A0B1C3D4E5F60718293A /* SearchResultsSplitView.swift */,
				74D6E16E0CD10A2BA3DA5447 /* HexLayout.swift */,
				95D1B66993C6EA8CDEE1ADD7 /* HexView.swift */,
				1B2C3D4E5F60718293A4B5C6 /* LayoutSettingsViewController.swift */,
				2751D9902BBBD4771AFB0FD5 /* MainViewController.swift */,
				956C3B15B666232F79A544C1 /* MainWindowController.swift */,
				569D15C9837FF35B5622867D /* OpenPlacement.swift */,
				6818FEF833F78019596D65BB /* PaneViewModel.swift */,
				E15C35C761C86E6D393816E5 /* ProportionalSplitView.swift */,
				4EF3302417C4C7338004CE67 /* SandboxBookmarkStore.swift */,
				BE9F686DC291219019034AF9 /* SettingsWindowController.swift */,
				4B1D587B9291F026D4B00A15 /* SheetControllers.swift */,
				843BDADF6DC010ED5707D0F2 /* SingleFileDropView.swift */,
				212A4A8B0EA478EDDEB03EA5 /* TextDecodingSettingsViewController.swift */,
				0474573D1975ED1FEC349E67 /* WindowMode.swift */,
				ED2076217EBD1ED10294D11A /* WindowViewModel.swift */,
				F89CB4F9C9E2803C941A2288 /* WordSize.swift */,
			);
			path = DumpCompareApp;
			sourceTree = "<group>";
		};
		8652620F0ECE7008C810D42F /* Products */ = {
			isa = PBXGroup;
			children = (
				82A34E0B2AAD3A720DCD4E59 /* DumpCompare.app */,
				F4060AF0A96DD6E896717F3A /* DumpCompareTests.xctest */,
			);
			name = Products;
			sourceTree = "<group>";
		};
		B7F573457885834014D587D4 /* DumpCompareTests */ = {
			isa = PBXGroup;
			children = (
				F0947EB3C44A8B0879C9B66A /* ActivePaneTests.swift */,
				7EE089502718BD19C06E4207 /* AppearanceSettingsTests.swift */,
				A7139D54D91271EEF21E25A0 /* AutoscrollSelectionTests.swift */,
				48988F1CB9A04763A973A6DD /* BackgroundOperationTests.swift */,
				9B0D5CB24B4DFBC1B37F3F42 /* ByteSignificanceTests.swift */,
				70B7EBE980B4A83830DD34D6 /* CaretPlacementTests.swift */,
				35619EB218B8A77217CF90D9 /* CloseFileTests.swift */,
				7338140948096ABDADE950FE /* ComparisonCoordinatorTests.swift */,
				2581320A3453C01FF111B29B /* ComparisonPaneTests.swift */,
				2B6700D9C2E00D1370AB090A /* ComparisonResizeTests.swift */,
				67E844808C0246D0B622523D /* DiffNavigationTests.swift */,
				5A61B0AA7755933DD1B3D4F8 /* DividerDragTests.swift */,
				D2B3A4DD743DCCA1D634B456 /* EmptyStateViewTests.swift */,
				95A1ED616E5D1F9C56E212FA /* FileChangeWatcherTests.swift */,
				5A2833E2E2F58FCECF7731BB /* FillSelectionTests.swift */,
				3CEC5406939AEF4D7D0DCDBE /* FindFlowTests.swift */,
				20D9603C698CA61F9D4A641B /* HeaderFitWidthTests.swift */,
				7B554959FC1439079D92C91E /* HexColumnHeaderTests.swift */,
				C8F0ABAC4DEEBAE7DD9A62BB /* HexLayoutTests.swift */,
				02B9500D140BE09B6006859B /* HexViewAppearanceTests.swift */,
				39D2A05C7DA0DE400C947364 /* LayoutToggleTests.swift */,
				D4F1945C5B2DF090953B5150 /* MainWindowMenuTests.swift */,
				FCD886DB1AFE9BF9F1C08F95 /* MouseSelectionTests.swift */,
				2C3D4E5F60718293A4B5C6D7 /* SelectionRedrawTests.swift */,
				F1E2D3C4B5A6978877665544 /* ContentRedrawTests.swift */,
				D0E1F2A3B4C5D6E7F8091A2B /* MainViewControllerTests.swift */,
				F2A3B4C5D6E7F8091A2B3C4D /* PanelAppearanceTests.swift */,
				D56C7E4027097952395DD0AF /* NewFileAndSwapTests.swift */,
				209E4194094A04377AA5F50F /* OffsetContextMenuTests.swift */,
				7CC40FA3295CB53000898E26 /* OpenPlacementTests.swift */,
				F2C7301D0193A3E8079F472C /* PaneHeaderIconTests.swift */,
				7FC713959D9654C564AB34E0 /* PaneViewModelTests.swift */,
				467E6E8B85C387891E7A7C56 /* SelectBlockSheetTests.swift */,
				E9BBBA06BD7728DB1217E802 /* TextVerticalAlignmentTests.swift */,
				C6B628E64567341A9AB617D6 /* TitleBarMenuTests.swift */,
				16A8C6524AA2950540398C91 /* UntitledFileTests.swift */,
				B9A7DE8E7791AA34BDA2EAB1 /* WordSizeTests.swift */,
				9FB49BC2E9C7922B6194C285 /* ZoomToFitTests.swift */,
			);
			path = DumpCompareTests;
			sourceTree = "<group>";
		};
/* End PBXGroup section */

/* Begin PBXNativeTarget section */
		33581551AB885AE2F9E833F1 /* DumpCompare */ = {
			isa = PBXNativeTarget;
			buildConfigurationList = BC5DE31D208F3551000476A8 /* Build configuration list for PBXNativeTarget "DumpCompare" */;
			buildPhases = (
				81370AF3D44DEA058BFB8BAD /* Sources */,
				5F60718293A4B5C6D7E8F90A /* Resources */,
				D81E08D7CBA312B9EAB238CA /* Frameworks */,
			);
			buildRules = (
			);
			dependencies = (
			);
			name = DumpCompare;
			packageProductDependencies = (
				DD998B4928A6EFDFADE20701 /* DumpCompareCore */,
			);
			productName = DumpCompare;
			productReference = 82A34E0B2AAD3A720DCD4E59 /* DumpCompare.app */;
			productType = "com.apple.product-type.application";
		};
		FE9F9F9D8DB4A51C602993ED /* DumpCompareTests */ = {
			isa = PBXNativeTarget;
			buildConfigurationList = 5E17292E46DDDC98E00748BC /* Build configuration list for PBXNativeTarget "DumpCompareTests" */;
			buildPhases = (
				9F02619B59704A97DCAD99E1 /* Sources */,
				AE7BFA594D90F0920140467F /* Frameworks */,
			);
			buildRules = (
			);
			dependencies = (
				71CB252DAE692CFB6651CC42 /* PBXTargetDependency */,
			);
			name = DumpCompareTests;
			packageProductDependencies = (
				ABC9FED3EFF91E300892FE20 /* DumpCompareCore */,
			);
			productName = DumpCompareTests;
			productReference = F4060AF0A96DD6E896717F3A /* DumpCompareTests.xctest */;
			productType = "com.apple.product-type.bundle.unit-test";
		};
/* End PBXNativeTarget section */

/* Begin PBXProject section */
		7A82BB8246188B3B74950BBC /* Project object */ = {
			isa = PBXProject;
			attributes = {
				BuildIndependentTargetsInParallel = YES;
				LastUpgradeCheck = 1430;
				TargetAttributes = {
					33581551AB885AE2F9E833F1 = {
						ProvisioningStyle = Manual;
					};
					FE9F9F9D8DB4A51C602993ED = {
						ProvisioningStyle = Manual;
					};
				};
			};
			buildConfigurationList = 052E4922F9C936E33CBF2980 /* Build configuration list for PBXProject "DumpCompare" */;
			developmentRegion = en;
			hasScannedForEncodings = 0;
			knownRegions = (
				Base,
				en,
			);
			mainGroup = 394F7AA48F5637CDCDC7BBC3;
			minimizedProjectReferenceProxies = 1;
			packageReferences = (
				CD3633FA649BEFC181FDDDBA /* XCLocalSwiftPackageReference "DumpCompareCore" */,
			);
			preferredProjectObjectVersion = 77;
			productRefGroup = 8652620F0ECE7008C810D42F /* Products */;
			projectDirPath = "";
			projectRoot = "";
			targets = (
				33581551AB885AE2F9E833F1 /* DumpCompare */,
				FE9F9F9D8DB4A51C602993ED /* DumpCompareTests */,
			);
		};
/* End PBXProject section */

/* Begin PBXResourcesBuildPhase section */
		5F60718293A4B5C6D7E8F90A /* Resources */ = {
			isa = PBXResourcesBuildPhase;
			buildActionMask = 2147483647;
			files = (
				4E5F60718293A4B5C6D7E8F9 /* Assets.xcassets in Resources */,
			);
			runOnlyForDeploymentPostprocessing = 0;
		};
/* End PBXResourcesBuildPhase section */

/* Begin PBXSourcesBuildPhase section */
		81370AF3D44DEA058BFB8BAD /* Sources */ = {
			isa = PBXSourcesBuildPhase;
			buildActionMask = 2147483647;
			files = (
				2F76C0D1447064BB9D6C9B52 /* AppDelegate.swift in Sources */,
				230C0980A700727CC7796F8B /* AppMain.swift in Sources */,
				B36799FD3AFF3F46DEB6E7B1 /* AppearanceSettings.swift in Sources */,
				A348D8CAA3CA2AD99A222B21 /* BackgroundOperation.swift in Sources */,
				09B3261690D10020E29732D6 /* ComparisonCoordinator.swift in Sources */,
				B850A1E58666F6DAA621C071 /* ComparisonView.swift in Sources */,
				AF59EBD1B601A04F936643D0 /* DragDrop.swift in Sources */,
				3B4F8F01DAD4F7BE904898CF /* EmptyStateView.swift in Sources */,
				5B3F5E75CD647B8FBC63F2B0 /* FileChangeWatcher.swift in Sources */,
				EDF1898E3C6FDD20D11A403D /* FilePaneView.swift in Sources */,
				26D5FD5ACF1831847A92FF79 /* FindBarView.swift in Sources */,
				A3F96B27C4D1E5087294A6B1 /* SearchResultsView.swift in Sources */,
				D1E2F3A4B5C6D7E8F9012345 /* SearchResultsSplitView.swift in Sources */,
				34FC31F15593574D21ECD0D6 /* HexLayout.swift in Sources */,
				1F891EE0D25A946BB63C2AEC /* HexView.swift in Sources */,
				6A7B8C9D0E1F2A3B4C5D6E7F /* LayoutSettingsViewController.swift in Sources */,
				A50B556671000ED5800F6FC0 /* MainViewController.swift in Sources */,
				84F0705E874653F3E5EE8B15 /* MainWindowController.swift in Sources */,
				046DB0B0F51FAD7F7428CFEB /* OpenPlacement.swift in Sources */,
				7868ABBF947C029B69867CA0 /* PaneViewModel.swift in Sources */,
				625490B568C7A868881A203F /* ProportionalSplitView.swift in Sources */,
				6C4A2D07C512800E3647C334 /* SandboxBookmarkStore.swift in Sources */,
				C35E1583998132707D8E1749 /* SettingsWindowController.swift in Sources */,
				E4B2D90C3A49F9CAA976DCEF /* SheetControllers.swift in Sources */,
				C469DA232E32792EBE3B5607 /* SingleFileDropView.swift in Sources */,
				BF5D32DED859E97ED617A9C0 /* TextDecodingSettingsViewController.swift in Sources */,
				9798C9A69A858500B7AD3915 /* WindowMode.swift in Sources */,
				340D0228EEA81EE50A1315ED /* WindowViewModel.swift in Sources */,
				1264B4E5C0FDBDADC48A4F4F /* WordSize.swift in Sources */,
			);
			runOnlyForDeploymentPostprocessing = 0;
		};
		9F02619B59704A97DCAD99E1 /* Sources */ = {
			isa = PBXSourcesBuildPhase;
			buildActionMask = 2147483647;
			files = (
				FC15B3B76A3DB244F7A1BBEE /* ActivePaneTests.swift in Sources */,
				365B149E4F000196764D270A /* AppearanceSettingsTests.swift in Sources */,
				9B46E04553F9075CA7D900AB /* AutoscrollSelectionTests.swift in Sources */,
				3B9BD754FFA836A32CE9F22E /* BackgroundOperationTests.swift in Sources */,
				C268E54A71DBE773D3595CDF /* ByteSignificanceTests.swift in Sources */,
				FE72BF847B03FAA82DA321EE /* CaretPlacementTests.swift in Sources */,
				55EFF117DEDC3F5F7AB1D851 /* CloseFileTests.swift in Sources */,
				FD51EAC14BECCAC66D3AC19F /* ComparisonCoordinatorTests.swift in Sources */,
				ED2A6A04F4EE3CA0BD3B4160 /* ComparisonPaneTests.swift in Sources */,
				EE2CE9F01E1A980B7DB7B5FF /* ComparisonResizeTests.swift in Sources */,
				8DE3CD0120C0DC484E9BCD01 /* DiffNavigationTests.swift in Sources */,
				5C277503D272939847E4FF3A /* DividerDragTests.swift in Sources */,
				B9E5CC69D6F9631BAB0D4B70 /* EmptyStateViewTests.swift in Sources */,
				4DDAA235F5AFD6E9FF949A35 /* FileChangeWatcherTests.swift in Sources */,
				7D22FF44AB245B01B5640A87 /* FillSelectionTests.swift in Sources */,
				1991CC9FBD3B15D421F31BF5 /* FindFlowTests.swift in Sources */,
				AF01C87A6FBE7F66CB095636 /* HeaderFitWidthTests.swift in Sources */,
				7462B5E629767BD0EEA05A74 /* HexColumnHeaderTests.swift in Sources */,
				72FE060ED1406764B2E18350 /* HexLayoutTests.swift in Sources */,
				726842FD40A84C81A0D57099 /* HexViewAppearanceTests.swift in Sources */,
				24FDE8550B83BC61EAC8F3BB /* LayoutToggleTests.swift in Sources */,
				E277C195099E972758654BB6 /* MainWindowMenuTests.swift in Sources */,
				52A2ADCE17608EDDA32FA083 /* MouseSelectionTests.swift in Sources */,
				1A2B3C4D5E6F708192A3B4C5 /* SelectionRedrawTests.swift in Sources */,
				D0C1B2A39485766778899AAB /* ContentRedrawTests.swift in Sources */,
				C9D0E1F2A3B4C5D6E7F8091A /* MainViewControllerTests.swift in Sources */,
				E1F2A3B4C5D6E7F8091A2B3C /* PanelAppearanceTests.swift in Sources */,
				BBA569BD55CADEA84C29281E /* NewFileAndSwapTests.swift in Sources */,
				7108A4ABF852A054F1F5E641 /* OffsetContextMenuTests.swift in Sources */,
				9BACD1885C8A876AEBC95150 /* OpenPlacementTests.swift in Sources */,
				A87964BADD3A4153189BB25B /* PaneHeaderIconTests.swift in Sources */,
				E48043200E726B8423B101CD /* PaneViewModelTests.swift in Sources */,
				666ED5D024C7EE6E759D1392 /* SelectBlockSheetTests.swift in Sources */,
				B4812C24F46A9A662D650DC3 /* TextVerticalAlignmentTests.swift in Sources */,
				59F525D82A21BA453FA1001C /* TitleBarMenuTests.swift in Sources */,
				636183CDE24C1ACAE7515A87 /* UntitledFileTests.swift in Sources */,
				37DBCC7F36BDD6C63337A138 /* WordSizeTests.swift in Sources */,
				6347640F90EE6FCB2E6FF01A /* ZoomToFitTests.swift in Sources */,
			);
			runOnlyForDeploymentPostprocessing = 0;
		};
/* End PBXSourcesBuildPhase section */

/* Begin PBXTargetDependency section */
		71CB252DAE692CFB6651CC42 /* PBXTargetDependency */ = {
			isa = PBXTargetDependency;
			target = 33581551AB885AE2F9E833F1 /* DumpCompare */;
			targetProxy = 63B3E0E88329BA9C902E7803 /* PBXContainerItemProxy */;
		};
/* End PBXTargetDependency section */

/* Begin XCBuildConfiguration section */
		1A68A392C2C29EAA8E05ABE6 /* Debug */ = {
			isa = XCBuildConfiguration;
			buildSettings = {
				BUNDLE_LOADER = "$(TEST_HOST)";
				CODE_SIGN_IDENTITY = "-";
				CODE_SIGN_STYLE = Manual;
				COMBINE_HIDPI_IMAGES = YES;
				GENERATE_INFOPLIST_FILE = YES;
				LD_RUNPATH_SEARCH_PATHS = (
					"$(inherited)",
					"@executable_path/../Frameworks",
					"@loader_path/../Frameworks",
				);
				MACOSX_DEPLOYMENT_TARGET = 14.0;
				PRODUCT_BUNDLE_IDENTIFIER = dev.maxik.DumpCompareTests;
				SDKROOT = macosx;
				SWIFT_VERSION = 5.9;
				TEST_HOST = "$(BUILT_PRODUCTS_DIR)/DumpCompare.app/Contents/MacOS/DumpCompare";
			};
			name = Debug;
		};
		43395B3F077115B0684440B8 /* Debug */ = {
			isa = XCBuildConfiguration;
			buildSettings = {
				ALWAYS_SEARCH_USER_PATHS = NO;
				CLANG_ANALYZER_NONNULL = YES;
				CLANG_ANALYZER_NUMBER_OBJECT_CONVERSION = YES_AGGRESSIVE;
				CLANG_CXX_LANGUAGE_STANDARD = "gnu++14";
				CLANG_CXX_LIBRARY = "libc++";
				CLANG_ENABLE_MODULES = YES;
				CLANG_ENABLE_OBJC_ARC = YES;
				CLANG_ENABLE_OBJC_WEAK = YES;
				CLANG_WARN_BLOCK_CAPTURE_AUTORELEASING = YES;
				CLANG_WARN_BOOL_CONVERSION = YES;
				CLANG_WARN_COMMA = YES;
				CLANG_WARN_CONSTANT_CONVERSION = YES;
				CLANG_WARN_DEPRECATED_OBJC_IMPLEMENTATIONS = YES;
				CLANG_WARN_DIRECT_OBJC_ISA_USAGE = YES_ERROR;
				CLANG_WARN_DOCUMENTATION_COMMENTS = YES;
				CLANG_WARN_EMPTY_BODY = YES;
				CLANG_WARN_ENUM_CONVERSION = YES;
				CLANG_WARN_INFINITE_RECURSION = YES;
				CLANG_WARN_INT_CONVERSION = YES;
				CLANG_WARN_NON_LITERAL_NULL_CONVERSION = YES;
				CLANG_WARN_OBJC_IMPLICIT_RETAIN_SELF = YES;
				CLANG_WARN_OBJC_LITERAL_CONVERSION = YES;
				CLANG_WARN_OBJC_ROOT_CLASS = YES_ERROR;
				CLANG_WARN_QUOTED_INCLUDE_IN_FRAMEWORK_HEADER = YES;
				CLANG_WARN_RANGE_LOOP_ANALYSIS = YES;
				CLANG_WARN_STRICT_PROTOTYPES = YES;
				CLANG_WARN_SUSPICIOUS_MOVE = YES;
				CLANG_WARN_UNGUARDED_AVAILABILITY = YES_AGGRESSIVE;
				CLANG_WARN_UNREACHABLE_CODE = YES;
				CLANG_WARN__DUPLICATE_METHOD_MATCH = YES;
				COPY_PHASE_STRIP = NO;
				DEBUG_INFORMATION_FORMAT = dwarf;
				ENABLE_STRICT_OBJC_MSGSEND = YES;
				ENABLE_TESTABILITY = YES;
				GCC_C_LANGUAGE_STANDARD = gnu11;
				GCC_DYNAMIC_NO_PIC = NO;
				GCC_NO_COMMON_BLOCKS = YES;
				GCC_OPTIMIZATION_LEVEL = 0;
				GCC_PREPROCESSOR_DEFINITIONS = (
					"$(inherited)",
					"DEBUG=1",
				);
				GCC_WARN_64_TO_32_BIT_CONVERSION = YES;
				GCC_WARN_ABOUT_RETURN_TYPE = YES_ERROR;
				GCC_WARN_UNDECLARED_SELECTOR = YES;
				GCC_WARN_UNINITIALIZED_AUTOS = YES_AGGRESSIVE;
				GCC_WARN_UNUSED_FUNCTION = YES;
				GCC_WARN_UNUSED_VARIABLE = YES;
				MACOSX_DEPLOYMENT_TARGET = 14.0;
				MTL_ENABLE_DEBUG_INFO = INCLUDE_SOURCE;
				MTL_FAST_MATH = YES;
				ONLY_ACTIVE_ARCH = YES;
				PRODUCT_NAME = "$(TARGET_NAME)";
				SDKROOT = macosx;
				SWIFT_ACTIVE_COMPILATION_CONDITIONS = DEBUG;
				SWIFT_OPTIMIZATION_LEVEL = "-Onone";
				SWIFT_VERSION = 5.0;
			};
			name = Debug;
		};
		4E54A7F1CEB46A0D7A42080F /* Debug */ = {
			isa = XCBuildConfiguration;
			buildSettings = {
				ASSETCATALOG_COMPILER_APPICON_NAME = AppIcon;
				CODE_SIGN_ENTITLEMENTS = DumpCompareApp/DumpCompare.entitlements;
				CODE_SIGN_IDENTITY = "-";
				CODE_SIGN_STYLE = Manual;
				COMBINE_HIDPI_IMAGES = YES;
				GENERATE_INFOPLIST_FILE = YES;
				INFOPLIST_KEY_CFBundleDisplayName = DumpCompare;
				INFOPLIST_KEY_LSApplicationCategoryType = "public.app-category.developer-tools";
				INFOPLIST_KEY_NSHumanReadableCopyright = "Copyright © 2026";
				LD_RUNPATH_SEARCH_PATHS = (
					"$(inherited)",
					"@executable_path/../Frameworks",
				);
				MACOSX_DEPLOYMENT_TARGET = 14.0;
				PRODUCT_BUNDLE_IDENTIFIER = dev.maxik.DumpCompare;
				PRODUCT_NAME = DumpCompare;
				SDKROOT = macosx;
				SWIFT_VERSION = 5.9;
			};
			name = Debug;
		};
		ADEF03975B405839AECD2486 /* Release */ = {
			isa = XCBuildConfiguration;
			buildSettings = {
				BUNDLE_LOADER = "$(TEST_HOST)";
				CODE_SIGN_IDENTITY = "-";
				CODE_SIGN_STYLE = Manual;
				COMBINE_HIDPI_IMAGES = YES;
				GENERATE_INFOPLIST_FILE = YES;
				LD_RUNPATH_SEARCH_PATHS = (
					"$(inherited)",
					"@executable_path/../Frameworks",
					"@loader_path/../Frameworks",
				);
				MACOSX_DEPLOYMENT_TARGET = 14.0;
				PRODUCT_BUNDLE_IDENTIFIER = dev.maxik.DumpCompareTests;
				SDKROOT = macosx;
				SWIFT_VERSION = 5.9;
				TEST_HOST = "$(BUILT_PRODUCTS_DIR)/DumpCompare.app/Contents/MacOS/DumpCompare";
			};
			name = Release;
		};
		C93097C9056B87DBC2B49A4F /* Release */ = {
			isa = XCBuildConfiguration;
			buildSettings = {
				ASSETCATALOG_COMPILER_APPICON_NAME = AppIcon;
				CODE_SIGN_ENTITLEMENTS = DumpCompareApp/DumpCompare.entitlements;
				CODE_SIGN_IDENTITY = "-";
				CODE_SIGN_STYLE = Manual;
				COMBINE_HIDPI_IMAGES = YES;
				GENERATE_INFOPLIST_FILE = YES;
				INFOPLIST_KEY_CFBundleDisplayName = DumpCompare;
				INFOPLIST_KEY_LSApplicationCategoryType = "public.app-category.developer-tools";
				INFOPLIST_KEY_NSHumanReadableCopyright = "Copyright © 2026";
				LD_RUNPATH_SEARCH_PATHS = (
					"$(inherited)",
					"@executable_path/../Frameworks",
				);
				MACOSX_DEPLOYMENT_TARGET = 14.0;
				PRODUCT_BUNDLE_IDENTIFIER = dev.maxik.DumpCompare;
				PRODUCT_NAME = DumpCompare;
				SDKROOT = macosx;
				SWIFT_VERSION = 5.9;
			};
			name = Release;
		};
		CF9F1A67DCA9E23862086260 /* Release */ = {
			isa = XCBuildConfiguration;
			buildSettings = {
				ALWAYS_SEARCH_USER_PATHS = NO;
				CLANG_ANALYZER_NONNULL = YES;
				CLANG_ANALYZER_NUMBER_OBJECT_CONVERSION = YES_AGGRESSIVE;
				CLANG_CXX_LANGUAGE_STANDARD = "gnu++14";
				CLANG_CXX_LIBRARY = "libc++";
				CLANG_ENABLE_MODULES = YES;
				CLANG_ENABLE_OBJC_ARC = YES;
				CLANG_ENABLE_OBJC_WEAK = YES;
				CLANG_WARN_BLOCK_CAPTURE_AUTORELEASING = YES;
				CLANG_WARN_BOOL_CONVERSION = YES;
				CLANG_WARN_COMMA = YES;
				CLANG_WARN_CONSTANT_CONVERSION = YES;
				CLANG_WARN_DEPRECATED_OBJC_IMPLEMENTATIONS = YES;
				CLANG_WARN_DIRECT_OBJC_ISA_USAGE = YES_ERROR;
				CLANG_WARN_DOCUMENTATION_COMMENTS = YES;
				CLANG_WARN_EMPTY_BODY = YES;
				CLANG_WARN_ENUM_CONVERSION = YES;
				CLANG_WARN_INFINITE_RECURSION = YES;
				CLANG_WARN_INT_CONVERSION = YES;
				CLANG_WARN_NON_LITERAL_NULL_CONVERSION = YES;
				CLANG_WARN_OBJC_IMPLICIT_RETAIN_SELF = YES;
				CLANG_WARN_OBJC_LITERAL_CONVERSION = YES;
				CLANG_WARN_OBJC_ROOT_CLASS = YES_ERROR;
				CLANG_WARN_QUOTED_INCLUDE_IN_FRAMEWORK_HEADER = YES;
				CLANG_WARN_RANGE_LOOP_ANALYSIS = YES;
				CLANG_WARN_STRICT_PROTOTYPES = YES;
				CLANG_WARN_SUSPICIOUS_MOVE = YES;
				CLANG_WARN_UNGUARDED_AVAILABILITY = YES_AGGRESSIVE;
				CLANG_WARN_UNREACHABLE_CODE = YES;
				CLANG_WARN__DUPLICATE_METHOD_MATCH = YES;
				COPY_PHASE_STRIP = NO;
				DEBUG_INFORMATION_FORMAT = "dwarf-with-dsym";
				ENABLE_NS_ASSERTIONS = NO;
				ENABLE_STRICT_OBJC_MSGSEND = YES;
				GCC_C_LANGUAGE_STANDARD = gnu11;
				GCC_NO_COMMON_BLOCKS = YES;
				GCC_WARN_64_TO_32_BIT_CONVERSION = YES;
				GCC_WARN_ABOUT_RETURN_TYPE = YES_ERROR;
				GCC_WARN_UNDECLARED_SELECTOR = YES;
				GCC_WARN_UNINITIALIZED_AUTOS = YES_AGGRESSIVE;
				GCC_WARN_UNUSED_FUNCTION = YES;
				GCC_WARN_UNUSED_VARIABLE = YES;
				MACOSX_DEPLOYMENT_TARGET = 14.0;
				MTL_ENABLE_DEBUG_INFO = NO;
				MTL_FAST_MATH = YES;
				PRODUCT_NAME = "$(TARGET_NAME)";
				SDKROOT = macosx;
				SWIFT_COMPILATION_MODE = wholemodule;
				SWIFT_OPTIMIZATION_LEVEL = "-O";
				SWIFT_VERSION = 5.0;
			};
			name = Release;
		};
/* End XCBuildConfiguration section */

/* Begin XCConfigurationList section */
		052E4922F9C936E33CBF2980 /* Build configuration list for PBXProject "DumpCompare" */ = {
			isa = XCConfigurationList;
			buildConfigurations = (
				43395B3F077115B0684440B8 /* Debug */,
				CF9F1A67DCA9E23862086260 /* Release */,
			);
			defaultConfigurationIsVisible = 0;
			defaultConfigurationName = Debug;
		};
		5E17292E46DDDC98E00748BC /* Build configuration list for PBXNativeTarget "DumpCompareTests" */ = {
			isa = XCConfigurationList;
			buildConfigurations = (
				1A68A392C2C29EAA8E05ABE6 /* Debug */,
				ADEF03975B405839AECD2486 /* Release */,
			);
			defaultConfigurationIsVisible = 0;
			defaultConfigurationName = Debug;
		};
		BC5DE31D208F3551000476A8 /* Build configuration list for PBXNativeTarget "DumpCompare" */ = {
			isa = XCConfigurationList;
			buildConfigurations = (
				4E54A7F1CEB46A0D7A42080F /* Debug */,
				C93097C9056B87DBC2B49A4F /* Release */,
			);
			defaultConfigurationIsVisible = 0;
			defaultConfigurationName = Debug;
		};
/* End XCConfigurationList section */

/* Begin XCLocalSwiftPackageReference section */
		CD3633FA649BEFC181FDDDBA /* XCLocalSwiftPackageReference "DumpCompareCore" */ = {
			isa = XCLocalSwiftPackageReference;
			relativePath = DumpCompareCore;
		};
/* End XCLocalSwiftPackageReference section */

/* Begin XCSwiftPackageProductDependency section */
		ABC9FED3EFF91E300892FE20 /* DumpCompareCore */ = {
			isa = XCSwiftPackageProductDependency;
			productName = DumpCompareCore;
		};
		DD998B4928A6EFDFADE20701 /* DumpCompareCore */ = {
			isa = XCSwiftPackageProductDependency;
			productName = DumpCompareCore;
		};
/* End XCSwiftPackageProductDependency section */
	};
	rootObject = 7A82BB8246188B3B74950BBC /* Project object */;
}
